{
  "lockfileVersion": 1,
  "configVersion": 1,
  "workspaces": {
    "": {
      "name": "svg",
      "devDependencies": {
        "@biomejs/biome": "catalog:",
        "@mdn/browser-compat-data": "catalog:deno",
        "@types/deno": "catalog:",
        "@types/node": "catalog:",
        "importmapify": "catalog:deno",
        "preact": "catalog:deno",
        "preact-render-to-string": "catalog:deno",
        "runner-run": "catalog:",
        "tree-sitter": "catalog:",
        "web-features": "catalog:deno",
      },
    },
    "distribution/npm/scripts": {
      "name": "@kjanat/svg-distribution-scripts",
      "version": "0.0.0",
      "dependencies": {
        "@kjanat/dreamcli": "catalog:",
        "ansispeck": "catalog:",
        "tar": "catalog:",
      },
    },
    "grammars/tree-sitter-svg": {
      "name": "tree-sitter-svg",
      "version": "0.3.0",
      "dependencies": {
        "node-addon-api": "catalog:",
        "node-gyp-build": "catalog:",
      },
      "devDependencies": {
        "@biomejs/biome": "catalog:",
        "@types/bun": "catalog:",
        "dprint": "catalog:",
        "node-gyp": "catalog:",
        "prebuildify": "catalog:",
        "runner-run": "catalog:",
        "tree-sitter": "catalog:",
        "tree-sitter-cli": "catalog:",
        "typescript": "catalog:",
      },
      "peerDependencies": {
        "tree-sitter": "catalog:",
      },
      "optionalPeers": [
        "tree-sitter",
      ],
    },
    "grammars/tree-sitter-svg-paint": {
      "name": "tree-sitter-svg-paint",
      "version": "0.3.0",
      "dependencies": {
        "node-addon-api": "catalog:",
        "node-gyp-build": "catalog:",
      },
      "devDependencies": {
        "@biomejs/biome": "catalog:",
        "@types/bun": "catalog:",
        "dprint": "catalog:",
        "node-gyp": "catalog:",
        "prebuildify": "catalog:",
        "runner-run": "catalog:",
        "tree-sitter": "catalog:",
        "tree-sitter-cli": "catalog:",
        "typescript": "catalog:",
      },
      "peerDependencies": {
        "tree-sitter": "catalog:",
      },
      "optionalPeers": [
        "tree-sitter",
      ],
    },
    "grammars/tree-sitter-svg-path": {
      "name": "tree-sitter-svg-path",
      "version": "0.3.0",
      "dependencies": {
        "node-addon-api": "catalog:",
        "node-gyp-build": "catalog:",
      },
      "devDependencies": {
        "@biomejs/biome": "catalog:",
        "@types/bun": "catalog:",
        "dprint": "catalog:",
        "node-gyp": "catalog:",
        "prebuildify": "catalog:",
        "runner-run": "catalog:",
        "tree-sitter": "catalog:",
        "tree-sitter-cli": "catalog:",
        "typescript": "catalog:",
      },
      "peerDependencies": {
        "tree-sitter": "catalog:",
      },
      "optionalPeers": [
        "tree-sitter",
      ],
    },
    "grammars/tree-sitter-svg-transform": {
      "name": "tree-sitter-svg-transform",
      "version": "0.3.0",
      "dependencies": {
        "node-addon-api": "catalog:",
        "node-gyp-build": "catalog:",
      },
      "devDependencies": {
        "@biomejs/biome": "catalog:",
        "@types/bun": "catalog:",
        "dprint": "catalog:",
        "node-gyp": "catalog:",
        "prebuildify": "catalog:",
        "runner-run": "catalog:",
        "tree-sitter": "catalog:",
        "tree-sitter-cli": "catalog:",
        "typescript": "catalog:",
      },
      "peerDependencies": {
        "tree-sitter": "catalog:",
      },
      "optionalPeers": [
        "tree-sitter",
      ],
    },
    "scripts": {
      "name": "scripts",
      "devDependencies": {
        "@types/bun": "catalog:",
        "typescript": "catalog:",
      },
    },
  },
  "catalog": {
    "@biomejs/biome": "^2.5",
    "@kjanat/dreamcli": "^4",
    "@types/bun": "^1.4",
    "@types/deno": "^2",
    "@types/node": "^26",
    "ansispeck": "^0.4",
    "dprint": "^0.57",
    "node-addon-api": "^8.9",
    "node-gyp": "^13",
    "node-gyp-build": "^4",
    "prebuildify": "^6",
    "runner-run": "^0.26",
    "tar": "^7.5",
    "tree-sitter": "^0.25",
    "tree-sitter-cli": "^0.26",
    "typescript": "^7",
  },
  "catalogs": {
    "deno": {
      "@mdn/browser-compat-data": "^8.0.11",
      "importmapify": "^1.7.0",
      "preact": "^10.23.1",
      "preact-render-to-string": "^6",
      "web-features": "^3.23.0",
    },
  },
  "packages": {
    "@biomejs/biome": ["@biomejs/biome@2.5.13", "", { "optionalDependencies": { "@biomejs/cli-darwin-arm64": "2.5.13", "@biomejs/cli-darwin-x64": "2.5.13", "@biomejs/cli-linux-arm64": "2.5.13", "@biomejs/cli-linux-arm64-musl": "2.5.13", "@biomejs/cli-linux-x64": "2.5.13", "@biomejs/cli-linux-x64-musl": "2.5.13", "@biomejs/cli-win32-arm64": "2.5.13", "@biomejs/cli-win32-x64": "2.5.13" }, "bin": { "biome": "bin/biome" } }, "sha512-+SEC/mFk1a+5mvUANZgbZTaiZXs1nj4iMhL/PHiqDT5TPUEPFIlliEtkKKZB4N862yylHC3UI+/Sj2I0HJEqhA=="],

    "@biomejs/cli-darwin-arm64": ["@biomejs/cli-darwin-arm64@2.5.13", "", { "os": "darwin", "cpu": "arm64" }, "sha512-nYSuDJ6zgVqZUkAkJkvhXxsF2PYIrUk/g638K4voCXz7foI9f7b6C2/7+oAihsHQlivZNMUrm/y8ywlcHQtZOw=="],

    "@biomejs/cli-darwin-x64": ["@biomejs/cli-darwin-x64@2.5.13", "", { "os": "darwin", "cpu": "x64" }, "sha512-KVy1ceEDuJ3AzFxjT9kkxbVy+UANw1pjEMUS6lvKfxjJ+fmkRvc7sQn1Xo6ETgseEI7wUQoV03KSga3XfE8YRQ=="],

    "@biomejs/cli-linux-arm64": ["@biomejs/cli-linux-arm64@2.5.13", "", { "os": "linux", "cpu": "arm64" }, "sha512-VlNMtoxOqs0dUR6drxxHr18SNUvI7xxAuHZlH4s/dstYSf3g6RaqVgo8JRnhcOhKz9afWrvtJTboNG1JuYlIDQ=="],

    "@biomejs/cli-linux-arm64-musl": ["@biomejs/cli-linux-arm64-musl@2.5.13", "", { "os": "linux", "cpu": "arm64" }, "sha512-CH32xpep3dNS5EVJpAHlYchkBYznxyVZQrx0b6YYYlPL9u9ZeD2NtqiK/6s64+HFS2a7hGnryLlqqZAOh8ax5g=="],

    "@biomejs/cli-linux-x64": ["@biomejs/cli-linux-x64@2.5.13", "", { "os": "linux", "cpu": "x64" }, "sha512-Fi6gIxbUaJ3ZCIXeG3ggIBPF76O2DjDN67WrPX/ODRv54GeXPm2gbEPC96Yb0yrJoiH0Eax1JLx1Pi0XbsNFZQ=="],

    "@biomejs/cli-linux-x64-musl": ["@biomejs/cli-linux-x64-musl@2.5.13", "", { "os": "linux", "cpu": "x64" }, "sha512-F3pmwl+VHoUuVJN/tbNLKeLt0SVK3EIyN1jXlMcNyQGYRQQTVqXF+GgkP0/CjGXFN87e/mv0sBfUnWqWza5PKQ=="],

    "@biomejs/cli-win32-arm64": ["@biomejs/cli-win32-arm64@2.5.13", "", { "os": "win32", "cpu": "arm64" }, "sha512-+WD13qshXrr0Icv4BfsAdzm8Fs3TL+nZ59zEQxsYNd8lcgZJ0A5+OrlwsL1PipVCmWeRpxgIPD6DAcEd7smkCQ=="],

    "@biomejs/cli-win32-x64": ["@biomejs/cli-win32-x64@2.5.13", "", { "os": "win32", "cpu": "x64" }, "sha512-VOofU/nW761XWzUeUNE8zzYNyPrxuMuNFMizL0qz7J75yeV8N7WFheUlk1/K6dOkaFpH9wJ+lDKlwjAbw0346w=="],

    "@dprint/android-arm64": ["@dprint/android-arm64@0.57.4", "", { "os": "android", "cpu": "arm64" }, "sha512-vpafWVSNbB5ShCThZC3O5xOPsdxc2oeLedFVCsscSRf/iR6WZ62ROU2AGcxsJyE2y4/vxivejenbNYjWxL24sQ=="],

    "@dprint/android-x64": ["@dprint/android-x64@0.57.4", "", { "os": "android", "cpu": "x64" }, "sha512-Zv2I12Zs9IK8yv1wdXGWluUram9h8Acy3NuF/7WzsxIfdlmnWzUGxoc4Z0dno6aJpv0ViXybkIHPvDKrQnvxVA=="],

    "@dprint/darwin-arm64": ["@dprint/darwin-arm64@0.57.4", "", { "os": "darwin", "cpu": "arm64" }, "sha512-2V1BzlP+5aLxMaq77MUn2EdRX+UtOq34QjyMwpq1wQkR5MAT2cglJro4Eh1tsI+btjt3FMsX4/PLvz6eUSLl3g=="],

    "@dprint/darwin-x64": ["@dprint/darwin-x64@0.57.4", "", { "os": "darwin", "cpu": "x64" }, "sha512-dQfzBLBQro1O+CxIkIVc9LJqgYsWCKXTf+3QA0Gq/NjW6KPBwlbiCquew3UOeWwGEvarNSA0/Rvz5J8HnykTPA=="],

    "@dprint/linux-arm64-glibc": ["@dprint/linux-arm64-glibc@0.57.4", "", { "os": "linux", "cpu": "arm64" }, "sha512-zFCgx2E2szEnMgtBCKiI/G5vV5mi7rnTVDMB2FrIa6JheqF8pgfrx6m3HWzIed74cFM3/KCH0LmIfCNZT5vRfw=="],

    "@dprint/linux-arm64-musl": ["@dprint/linux-arm64-musl@0.57.4", "", { "os": "linux", "cpu": "arm64" }, "sha512-8DV33dU5c5vp/TJJp4Dy/4HYc4r5KidlMJgoiG0S9JMygVGjhrXRNiI/C7M9hLgsamqeLYt4MWfEGKvtgOwoew=="],

    "@dprint/linux-loong64-glibc": ["@dprint/linux-loong64-glibc@0.57.4", "", { "os": "linux", "cpu": "none" }, "sha512-166HbqGPMiKjCUuaiG6xyKrw8EKFF6vPBcmwFWUYHpZE6ipVVxt1Zen9957FXoxqyA5aspmK72eQGm72dQI2Yg=="],

    "@dprint/linux-loong64-musl": ["@dprint/linux-loong64-musl@0.57.4", "", { "os": "linux", "cpu": "none" }, "sha512-TTNKhwDj4qCWSiP20pdktb/mF0MfjVnXEcCXAd37ll6lx+ri4M5aQKyeyFL1pVGU9msjQv++UTU7MGF9uKfOzA=="],

    "@dprint/linux-ppc64-glibc": ["@dprint/linux-ppc64-glibc@0.57.4", "", { "os": "linux", "cpu": "ppc64" }, "sha512-kQGTaEoZIk+aHtEltz+nBQ54dhJ3dSxN4jxBOnK2wYCTaMkRnGxfF9Uwc29u/BL3Fw6ieDOJCSHy2VWFZdyctA=="],

    "@dprint/linux-ppc64-musl": ["@dprint/linux-ppc64-musl@0.57.4", "", { "os": "linux", "cpu": "ppc64" }, "sha512-NuhwpDFzyBovfpI3M47eBUju8eCxR7tfrMpPBWXyl9YgX0JeBZt6clOV/fwJ2P3DE/ARD9xoyQSGgHzDoSFlOQ=="],

    "@dprint/linux-riscv64-glibc": ["@dprint/linux-riscv64-glibc@0.57.4", "", { "os": "linux", "cpu": "none" }, "sha512-pWBdHK8SKt9IGldbuZGbec37RyQqP4zqsWfpq7iyH+m33f7Aagus5ktvKF85KYfLTewIg+ev3vlxryB9iHBiNA=="],

    "@dprint/linux-x64-glibc": ["@dprint/linux-x64-glibc@0.57.4", "", { "os": "linux", "cpu": "x64" }, "sha512-BYrSdjYo+nfUgXqgIbZZQnHvpM6UP7Dipfsuzxs0JmuHZRRkJIPjDdj/Qpbn/5Qv1gC4eV0cZsxRu8B634wkig=="],

    "@dprint/linux-x64-musl": ["@dprint/linux-x64-musl@0.57.4", "", { "os": "linux", "cpu": "x64" }, "sha512-pBRF5Kfv59FLtWYWWKpDLOv2+uTIr/XG2oMuRBiXXZom0b506aMm3zKCZ7z5ELeIYutPpASfkDbHcsyTY0ky6w=="],

    "@dprint/win32-arm64": ["@dprint/win32-arm64@0.57.4", "", { "os": "win32", "cpu": "arm64" }, "sha512-bGEtcSjl6T4xjwr9nUF5kgd3174NP7yb338+Ulqq5DMYcSN4ibI62eVQKBTuyLWByz56aVOL06dj8pKTUzn+yQ=="],

    "@dprint/win32-x64": ["@dprint/win32-x64@0.57.4", "", { "os": "win32", "cpu": "x64" }, "sha512-P91JJG2sDvK+SvZHdqjKygy7fYABbMH1KYop+WCowyjZUin09977qltdXwJ1vb77Cbi2OD0GWUuAlqO0PjNmaw=="],

    "@isaacs/fs-minipass": ["@isaacs/fs-minipass@4.0.1", "", { "dependencies": { "minipass": "^7.0.4" } }, "sha512-wgm9Ehl2jpeqP3zw/7mo3kRHFp5MEDhqAdwy1fTGkHAwnkGOVsgpvQhL8B5n1qlb01jV3n/bI0ZfZp5lWA1k4w=="],

    "@kjanat/dreamcli": ["@kjanat/dreamcli@4.0.0", "", { "dependencies": { "ansispeck": "^0.4.2" } }, "sha512-CyKs78wX1tbgpMXVTrGHSOjYiiSBt1J+SINcIJIVj9PgDFT4SwamMTrZ6Z9Xg3FtxbyJRUFoULQW7YEoPg+EDQ=="],

    "@kjanat/svg-distribution-scripts": ["@kjanat/svg-distribution-scripts@workspace:distribution/npm/scripts"],

    "@mdn/browser-compat-data": ["@mdn/browser-compat-data@8.0.11", "", {}, "sha512-KZMEJ9A2Q9lLCSplxRtTe4hDiydwzfv7Uk8SRguozAKqH8BYctKpJnUDzM6sTELSPo/6lcwFpCMcvVqEh59LUA=="],

    "@runner-run/android-arm64": ["@runner-run/android-arm64@0.26.2", "", { "os": "android", "cpu": "arm64", "bin": { "run": "bin/run", "runner": "bin/runner" } }, "sha512-zDnESHsqxVMHQ0P2Ea0Yciv3LMmAgwoR0s43sT2aVcer+lhAk4F6sIgoHYra8wZi/WXxCueRzi6LWs4tu6QAyA=="],

    "@runner-run/darwin-arm64": ["@runner-run/darwin-arm64@0.26.2", "", { "os": "darwin", "cpu": "arm64", "bin": { "runner": "bin/runner", "run": "bin/run" } }, "sha512-HWogkROEGVbH7dC8C4iI2761WJtxFOjFN+xez4+8fiy+iPfeZkytcqn5fN1czSig238jH+O6vCamXiSIW60+Dg=="],

    "@runner-run/darwin-x64": ["@runner-run/darwin-x64@0.26.2", "", { "os": "darwin", "cpu": "x64", "bin": { "run": "bin/run", "runner": "bin/runner" } }, "sha512-M/YvB+agUEr9QvZBMPp69G4xKDyztf2gi/dwLQl1Sy54wmto+carrEh7xZf978nCN0i3UdV041NxqlLdZHOOUA=="],

    "@runner-run/freebsd-arm64": ["@runner-run/freebsd-arm64@0.26.2", "", { "os": "freebsd", "cpu": "arm64", "bin": { "runner": "bin/runner", "run": "bin/run" } }, "sha512-yAN9jFE4h8RXGWmRG+fp2GiVkNIjCIr6+STCL5cE6YN+Az8wCEiH9uoBB+QsOutRgyWhD9EkyqChzyQhEwlxmQ=="],

    "@runner-run/freebsd-x64": ["@runner-run/freebsd-x64@0.26.2", "", { "os": "freebsd", "cpu": "x64", "bin": { "runner": "bin/runner", "run": "bin/run" } }, "sha512-JalHWobwyA8xxdh6DeKt4B7sG0oyC3S8X/a4DKnNd7M4bzBmPzcDL0to993mKE1zfNiTGIJflIFWNz54moZ5iQ=="],

    "@runner-run/linux-arm64-gnu": ["@runner-run/linux-arm64-gnu@0.26.2", "", { "os": "linux", "cpu": "arm64", "bin": { "runner": "bin/runner", "run": "bin/run" } }, "sha512-s+7D5x4DHcZu1a5CLfwbTqe9L04RZwEyBkRTP9+nZIInGx3IMo5YnpIUqP2xQsALUpFc60NWRf8VE9h7qJrKUQ=="],

    "@runner-run/linux-arm64-musl": ["@runner-run/linux-arm64-musl@0.26.2", "", { "os": "linux", "cpu": "arm64", "bin": { "runner": "bin/runner", "run": "bin/run" } }, "sha512-SjqY5KSBIKRX4cXqSj+3hkPHqtL5DZDNsEqoP1CdLsuUhwezx+ytftpWBm4UzsA8xFNWQSkMECxLxHVPP7+Kpw=="],

    "@runner-run/linux-armv7-gnueabihf": ["@runner-run/linux-armv7-gnueabihf@0.26.2", "", { "os": "linux", "cpu": "arm", "bin": { "runner": "bin/runner", "run": "bin/run" } }, "sha512-wtgcFcogMmuIU+k3hOSTPPOk9WCcHpBxoUloT3cooUp3vzVbADmcvqNv3vcfjoUyIzp6nkaMxHon8O9kjEzpZA=="],

    "@runner-run/linux-x64-gnu": ["@runner-run/linux-x64-gnu@0.26.2", "", { "os": "linux", "cpu": "x64", "bin": { "runner": "bin/runner", "run": "bin/run" } }, "sha512-KHI11f+k2DmTUWzMq1tXvkvMU90s+PNKDrTuBenQTVu+42epgXodfkMasvEtt9O3V/qP3pBM97R2EAcEJ9iC/Q=="],

    "@runner-run/linux-x64-musl": ["@runner-run/linux-x64-musl@0.26.2", "", { "os": "linux", "cpu": "x64", "bin": { "run": "bin/run", "runner": "bin/runner" } }, "sha512-20rG4dg1W5TGrH0J/RQZ7/UR9tl+H/T4eCjs/BucNx589s0cU0+S3+O3ANppPBLNMlTibFr1OjzqCxOLvZaFhw=="],

    "@runner-run/netbsd-x64": ["@runner-run/netbsd-x64@0.26.2", "", { "os": "none", "cpu": "x64", "bin": { "runner": "bin/runner", "run": "bin/run" } }, "sha512-1+RHc3iWsrjgglOAu4W5C3GX9d05FUVCPEatrpzxIoUGNcC6APuD/iz4nFjhKBeZJ++yJUYZfDcr3a7axyEakg=="],

    "@runner-run/win32-arm64-msvc": ["@runner-run/win32-arm64-msvc@0.26.2", "", { "os": "win32", "cpu": "arm64", "bin": { "runner": "bin/runner.exe", "run": "bin/run.exe" } }, "sha512-mpyb00JaP396cjkyp2GtiG0IDv60shfuQluFqZ9HBgczIuWopZEi4/fWOwcnYS2b/o6wpmjHfGjytKgdqYviZA=="],

    "@runner-run/win32-ia32-msvc": ["@runner-run/win32-ia32-msvc@0.26.2", "", { "os": "win32", "cpu": "ia32", "bin": { "runner": "bin/runner.exe", "run": "bin/run.exe" } }, "sha512-pcV9VyQAe5dlzeq+yBuEhR24hxhWk1nWg807R/+E94Gt5xFn8ebaHeKyBlC75CVRpkahHno/3UddVpF/HjnGYg=="],

    "@runner-run/win32-x64-msvc": ["@runner-run/win32-x64-msvc@0.26.2", "", { "os": "win32", "cpu": "x64", "bin": { "runner": "bin/runner.exe", "run": "bin/run.exe" } }, "sha512-9IVcgn5SXssq0HDpT7DzwqUxpIz3H2gGmsmD3L2SxMgnzZke2FdrlL/1Bcs396kxZ2eoqdYa+dKpFYRW0ELuyg=="],

    "@types/bun": ["@types/bun@1.4.2", "", { "dependencies": { "bun-types": "1.4.2" } }, "sha512-GimotNn7+ZV0uVArItBbriZsR1oNf0+WTzPkdcFrzShI7k2norL0uzEaJT8T33dWr7O/c9ZDuAFQrctKCi72oQ=="],

    "@types/deno": ["@types/deno@2.7.0", "", {}, "sha512-Y6fWcV8KpYeO3Lik/RiYnUxtr/LWqoeACciU0CA+dr1U/45tGgaX3HWQQAPCNN53raN4Rr4Fht4y6qsUH57fDA=="],

    "@types/node": ["@types/node@26.6.0", "", { "dependencies": { "undici-types": "~8.9.0" } }, "sha512-FWWQhDlKSnEJVe+CTJCQL8Fol7s1MKo3Ud0fjryxoOoH+hwMIPxol0MguYrLi2I0VvIFwOU2DwdWET2+px15qg=="],

    "@typescript/typescript-aix-ppc64": ["@typescript/typescript-aix-ppc64@7.0.2", "", { "os": "aix", "cpu": "ppc64" }, "sha512-MTKKkWB7p/0E9xi1d1tHtZ5PiLkGEMIq88pK2CubZjOsLtYTLqhgIgi6zepFa+9GHZ6h05NMCkQxGKiPXMxXtQ=="],

    "@typescript/typescript-darwin-arm64": ["@typescript/typescript-darwin-arm64@7.0.2", "", { "os": "darwin", "cpu": "arm64" }, "sha512-gowzar9MwS/aRWp6f3a4KUqzRjAZjOsmGNCM6LcTgXum+dBfgsBVMN+AgvOCCbguXyick6LJhpBszxMebJ8syA=="],

    "@typescript/typescript-darwin-x64": ["@typescript/typescript-darwin-x64@7.0.2", "", { "os": "darwin", "cpu": "x64" }, "sha512-SZ9xZInqApNlNGc9s0W1VSsktYSOe9cFqNOIqmN1Gs8SmkjKZYFt017G4VwPxASInODuAdbTW7sXiFUf893RgA=="],

    "@typescript/typescript-freebsd-arm64": ["@typescript/typescript-freebsd-arm64@7.0.2", "", { "os": "freebsd", "cpu": "arm64" }, "sha512-W5NH4y/J0plIIS5b2xvTEkU7JFxyqdMAOgf+Ilhl0vHQXKO5dZoxd+C/jEtq56c4F3wk71RB4BMRQ2XdI+bwYQ=="],

    "@typescript/typescript-freebsd-x64": ["@typescript/typescript-freebsd-x64@7.0.2", "", { "os": "freebsd", "cpu": "x64" }, "sha512-UMGDx5sTpzNw3WiPebH7l90IWfJggEd+egHt/q6p7/Cm3zqoV7VxkGXt+3DxPIw8CcmvAB0j3sVVfbhX+M4Tpw=="],

    "@typescript/typescript-linux-arm": ["@typescript/typescript-linux-arm@7.0.2", "", { "os": "linux", "cpu": "arm" }, "sha512-gffT3xPz9sR7j/YJExkyPntrI0P2EP9XbOyWzth2/Gs0RstK+90RBcO0ncXoXy/beYll1SXw846Nf2zdnEz0QQ=="],

    "@typescript/typescript-linux-arm64": ["@typescript/typescript-linux-arm64@7.0.2", "", { "os": "linux", "cpu": "arm64" }, "sha512-Qh4eU4/y3yDjnfjjyPYihMj5/ODIlmt+Bzu17OI+fiSRDW57QmU5SiN63exPRNJPKUzcc1INa1NXdrJ+MqHjUQ=="],

    "@typescript/typescript-linux-loong64": ["@typescript/typescript-linux-loong64@7.0.2", "", { "os": "linux", "cpu": "none" }, "sha512-uEHck9i8hoAzXPiYRib1O7miOnz23SxIeVl6F4LXox+qov1K35jHcEW6VHKvZI+pyvl7fZEP4MCU5LYvIq1GuQ=="],

    "@typescript/typescript-linux-mips64el": ["@typescript/typescript-linux-mips64el@7.0.2", "", { "os": "linux", "cpu": "none" }, "sha512-R4KvAMnE43W5Qeqb0Ly56O3mWMWIAgsMyz36DCaycd5nbg/9kzm0liw3JocfRqyJY0KPmzFjbswozXyW0DnIYA=="],

    "@typescript/typescript-linux-ppc64": ["@typescript/typescript-linux-ppc64@7.0.2", "", { "os": "linux", "cpu": "ppc64" }, "sha512-DORx5b3sd/4S7eayxm4FQv+A7CrkUIGRaHiwI8oiHTAI1fAPWhF4J0vAlkC8biAlHSVVwxMQ3tjZ2/DVbnQiiA=="],

    "@typescript/typescript-linux-riscv64": ["@typescript/typescript-linux-riscv64@7.0.2", "", { "os": "linux", "cpu": "none" }, "sha512-wf0jqEDOjrPRnKwYRyyJDRo11KMbvMFrU+q4zqKyChODBzvlkbhNQfKvLxQCcwTpdDaXSHZTVuh0JoCrKCUMHQ=="],

    "@typescript/typescript-linux-s390x": ["@typescript/typescript-linux-s390x@7.0.2", "", { "os": "linux", "cpu": "s390x" }, "sha512-IkwJc3L7yhytWd/ewjyxNDfOmswCm9GWMJT/ue/dU4aZNbwZeYAetq42VyLmsmSjvoX7z74X6ZaYCtzAr0EuGw=="],

    "@typescript/typescript-linux-x64": ["@typescript/typescript-linux-x64@7.0.2", "", { "os": "linux", "cpu": "x64" }, "sha512-EYdf2cNg7rgCWJnxCdJ+F3V39O8ihb37eHAu1LK8oAFizgTQbPOK7zHHXbPt8rX24COqODXeI3sIf0fCXG7H/A=="],

    "@typescript/typescript-netbsd-arm64": ["@typescript/typescript-netbsd-arm64@7.0.2", "", { "os": "none", "cpu": "arm64" }, "sha512-+polYF4MF04aPpO5FTkHran9yUQDSXqy5GiSDKpsll5jy3l3+g9QLhpf39T+ePtefhXLOGrLl0QIjkQP6VnelA=="],

    "@typescript/typescript-netbsd-x64": ["@typescript/typescript-netbsd-x64@7.0.2", "", { "os": "none", "cpu": "x64" }, "sha512-8YIT0EHM/3dq10ZOVF/A7pc/YSMtbcecct4rWtexrnSCHOPcpC2KTLXfTCR6vDpnSiY12heNb1GiN/wu+T/FyA=="],

    "@typescript/typescript-openbsd-arm64": ["@typescript/typescript-openbsd-arm64@7.0.2", "", { "os": "openbsd", "cpu": "arm64" }, "sha512-APT8+ClYnuYm1u9+kgGXoMj2VzWzcymwh2gNSQVySHfkRDGOTVkoWLjCmOQSaO+PoqQ57B0flRp9SA+7GnnkzQ=="],

    "@typescript/typescript-openbsd-x64": ["@typescript/typescript-openbsd-x64@7.0.2", "", { "os": "openbsd", "cpu": "x64" }, "sha512-yX7s+Q0Dln0Dt9tEzZsAjXXR/+ytBM7AlglaqyeMPxQszJ1JhlJdZ6jLA+IzldHtflX81em7lDao1xXu+aRRkg=="],

    "@typescript/typescript-sunos-x64": ["@typescript/typescript-sunos-x64@7.0.2", "", { "os": "sunos", "cpu": "x64" }, "sha512-dLJDGaLZ1D4HPQn62u1n8mBDkJREwMsAkCdkwd4Ieqw+x3TUyTsqY0YiBCtE6H6OzzgGk3iuZ3vFWRS+E8/d1g=="],

    "@typescript/typescript-win32-arm64": ["@typescript/typescript-win32-arm64@7.0.2", "", { "os": "win32", "cpu": "arm64" }, "sha512-Gyl1Vy6OsWesLzmq+EP0Fb7b4Nid5232AvcA2SFcdYreldpNtYFFofPjnt62y9hQy7VTaZp65ICJjuAQRaVcIQ=="],

    "@typescript/typescript-win32-x64": ["@typescript/typescript-win32-x64@7.0.2", "", { "os": "win32", "cpu": "x64" }, "sha512-0BQ3HkAHHlKLSp1qRvf3SUhGpGsDuhB/jgFw75guyqbxJqEaS0Cw/VFO8i2nHglJUzQCRtMMR/IBAKE3ETMC4g=="],

    "abbrev": ["abbrev@5.0.0", "", {}, "sha512-/XrFJgzQQQHpti1raDJC6m4ws6aNktmjBlhk8Fdlk7LwCEuDoieEJJY9OFHjfiFJFFRM2tK+Ky/IsfbbmlMu1w=="],

    "ansispeck": ["ansispeck@0.4.2", "", {}, "sha512-ZIIS0aQgc1HyhgK3Rru5SgL162D8jpRd39BH84eWDYmyT7eUuMj0Mx5OrKplp1dZJxZ/eQQNuYzkoX9OFnoYtA=="],

    "base64-js": ["base64-js@1.5.1", "", {}, "sha512-AKpaYlHn8t4SVbOHCy+b5+KKgvR4vrsD8vbvrbiQJps7fKDTkjkDry6ji0rUJjC0kzbNePLwzxq8iypo41qeWA=="],

    "bl": ["bl@4.1.0", "", { "dependencies": { "buffer": "^5.5.0", "inherits": "^2.0.4", "readable-stream": "^3.4.0" } }, "sha512-1W07cM9gS6DcLperZfFSj+bWLtaPGSOHWhPiGzXmvVJbRLdG82sH/Kn8EtW1VqWVA54AKf2h5k5BbnIbwF3h6w=="],

    "buffer": ["buffer@5.7.1", "", { "dependencies": { "base64-js": "^1.3.1", "ieee754": "^1.1.13" } }, "sha512-EHcyIPBQ4BSGlvjB16k5KgAJ27CIsHY/2JBmCRReo48y9rQ3MaUzWX3KVlBa4U7MyX02HdVj0K7C3WaB3ju7FQ=="],

    "bun-types": ["bun-types@1.4.2", "", { "dependencies": { "@types/node": "*" } }, "sha512-bxV1FgK7yBIzjRe5zBozIM4Bem11ZJcCXSrjWRG3YWLt8yFDePu4cLjpebO8OvPeIE9trbyPF4fuj3Cia4Fj3w=="],

    "chownr": ["chownr@3.0.0", "", {}, "sha512-+IxzY9BZOQd/XuYPRmrvEVjF/nqj5kgT4kEq7VofrDoM1MxoRjEWkrCC3EtLi59TVawxTAn+orJwFQcrqEN1+g=="],

    "dprint": ["dprint@0.57.4", "", { "optionalDependencies": { "@dprint/android-arm64": "0.57.4", "@dprint/android-x64": "0.57.4", "@dprint/darwin-arm64": "0.57.4", "@dprint/darwin-x64": "0.57.4", "@dprint/linux-arm64-glibc": "0.57.4", "@dprint/linux-arm64-musl": "0.57.4", "@dprint/linux-loong64-glibc": "0.57.4", "@dprint/linux-loong64-musl": "0.57.4", "@dprint/linux-ppc64-glibc": "0.57.4", "@dprint/linux-ppc64-musl": "0.57.4", "@dprint/linux-riscv64-glibc": "0.57.4", "@dprint/linux-x64-glibc": "0.57.4", "@dprint/linux-x64-musl": "0.57.4", "@dprint/win32-arm64": "0.57.4", "@dprint/win32-x64": "0.57.4" }, "bin": { "dprint": "bin.cjs" } }, "sha512-iiorgfJrrV7DDf7S9AB/d5ZB59Jn5idMDQoU7o6H9m6AvGVaLAPrGTAslmTwykkft9CYbWzqUrKjmKT80KWmAA=="],

    "dreamcli": ["@kjanat/dreamcli@3.0.1", "", { "dependencies": { "ansispeck": "^0.4.1" } }, "sha512-FY5uBPI7EQouhyUEpQdMEVew4jGEcshBZSSH6a8G47Bie+uBk1flLj8l2sJrVDOyd9lG1i1BaYyV0jmgdENp3A=="],

    "end-of-stream": ["end-of-stream@1.4.5", "", { "dependencies": { "once": "^1.4.0" } }, "sha512-ooEGc6HP26xXq/N+GCGOT0JKCLDGrq2bQUZrQ7gyrJiZANJ/8YDTxTpQBXGMn+WbIQXNVpyWymm7KYVICQnyOg=="],

    "env-paths": ["env-paths@2.2.1", "", {}, "sha512-+h1lkLKhZMTYjog1VEpJNG7NZJWcuc2DDk/qsqSTRRCOXiLjeQ1d1/udrUGhqMxUgAlwKNZ0cf2uqan5GLuS2A=="],

    "exponential-backoff": ["exponential-backoff@3.1.3", "", {}, "sha512-ZgEeZXj30q+I0EN+CbSSpIyPaJ5HVQD18Z1m+u1FXbAeT94mr1zw50q4q6jiiC447Nl/YTcIYSAftiGqetwXCA=="],

    "fdir": ["fdir@6.5.0", "", { "peerDependencies": { "picomatch": "^3 || ^4" }, "optionalPeers": ["picomatch"] }, "sha512-tIbYtZbucOs0BRGqPJkshJUYdL+SDH7dVM8gjy+ERp3WAUjLEFJE+02kanyHtwjWOnwrKYBiwAmM0p4kLJAnXg=="],

    "fs-constants": ["fs-constants@1.0.0", "", {}, "sha512-y6OAwoSIf7FyjMIv94u+b5rdheZEjzR63GTyZJm5qh4Bi+2YgwLCcI/fPFZkL5PSixOt6ZNKm+w+Hfp/Bciwow=="],

    "graceful-fs": ["graceful-fs@4.2.11", "", {}, "sha512-RbJ5/jmFcNNCcDV5o9eTnBLJ/HszWV0P73bc+Ff4nS/rJj+YaS6IGyiOL0VoBYX+l1Wrl3k63h/KrH+nhJ0XvQ=="],

    "ieee754": ["ieee754@1.2.1", "", {}, "sha512-dcyqhDvX1C46lXZcVqCpK+FtMRQVdIMN6/Df5js2zouUsqG7I6sFxitIC+7KYK29KdXOLHdu9zL4sFnoVQnqaA=="],

    "importmapify": ["importmapify@1.7.0", "", { "dependencies": { "dreamcli": "npm:@kjanat/dreamcli@^3.0.1" }, "bin": { "importmapify": "dist/mod.mjs" } }, "sha512-oAScmWPf0bZLwC1mzsH5hNZ7hV8f6JfcefnJR7ikrnlfkx3dzSnEjK4OWyiCs9eUdA8XLZQb1VF5brDjrTHTuQ=="],

    "inherits": ["inherits@2.0.4", "", {}, "sha512-k/vGaX4/Yla3WzyMCvTQOXYeIHvqOKtnqBduzTHpzpQZzAskKMhZ2K+EnBiSM9zGSoIFeMpXKxa4dYeZIQqewQ=="],

    "isexe": ["isexe@4.0.0", "", {}, "sha512-FFUtZMpoZ8RqHS3XeXEmHWLA4thH+ZxCv2lOiPIn1Xc7CxrqhWzNSDzD+/chS/zbYezmiwWLdQC09JdQKmthOw=="],

    "minimist": ["minimist@1.2.8", "", {}, "sha512-2yyAR8qBkN3YuheJanUpWC5U3bb5osDywNB8RzDVlDwDHbocAJveqqj1u8+SVD7jkWT4yvsHCpWqqWqAxb0zCA=="],

    "minipass": ["minipass@7.1.3", "", {}, "sha512-tEBHqDnIoM/1rXME1zgka9g6Q2lcoCkxHLuc7ODJ5BxbP5d4c2Z5cGgtXAku59200Cx7diuHTOYfSBD8n6mm8A=="],

    "minizlib": ["minizlib@3.1.0", "", { "dependencies": { "minipass": "^7.1.2" } }, "sha512-KZxYo1BUkWD2TVFLr0MQoM8vUUigWD3LlD83a/75BqC+4qE0Hb1Vo5v1FgcfaNXvfXzr+5EhQ6ing/CaBijTlw=="],

    "mkdirp-classic": ["mkdirp-classic@0.5.3", "", {}, "sha512-gKLcREMhtuZRwRAfqP3RFW+TK4JqApVBtOIftVgjuABpAtpxhPGaDcfvbhNvD0B8iD1oUr/txX35NjcaY6Ns/A=="],

    "node-abi": ["node-abi@3.94.0", "", { "dependencies": { "semver": "^7.3.5" } }, "sha512-W5ZNO5KRPB5TkYmGVD9F6YqhsglXJzE6etpbmT+f6EQElhiX/UTG551cnsRGvLG3fyZEg9HwaDmNmj5nwJ4z9g=="],

    "node-addon-api": ["node-addon-api@8.9.2", "", {}, "sha512-VijLXbi3UACN69I0JVXJsX4tjACjNoQDgv2gTF6sx2wWEi8tkSg2eX8p5gSIFi8z2+DL3oHmY6OyKce38SDolg=="],

    "node-gyp": ["node-gyp@13.0.2", "", { "dependencies": { "env-paths": "^2.2.0", "exponential-backoff": "^3.1.1", "graceful-fs": "^4.2.6", "nopt": "^10.0.0", "proc-log": "^7.0.0", "semver": "^7.3.5", "tar": "^7.5.4", "tinyglobby": "^0.2.12", "undici": "^8.4.1", "which": "^7.0.0" }, "bin": { "node-gyp": "bin/node-gyp.js" } }, "sha512-SXTvw3PxznpowYhJSOD9mVQBgDaCTWXffX+wQZsQ7PbcTV86TsXCUcSZhHnskFQvrvn/OdSzJPMsptT2pIj9ww=="],

    "node-gyp-build": ["node-gyp-build@4.8.4", "", { "bin": { "node-gyp-build": "bin.js", "node-gyp-build-optional": "optional.js", "node-gyp-build-test": "build-test.js" } }, "sha512-LA4ZjwlnUblHVgq0oBF3Jl/6h/Nvs5fzBLwdEF4nuxnFdsfajde4WfxtJr3CaiH+F6ewcIB/q4jQ4UzPyid+CQ=="],

    "nopt": ["nopt@10.0.1", "", { "dependencies": { "abbrev": "^5.0.0" }, "bin": { "nopt": "bin/nopt.js" } }, "sha512-df3sBr/6ax9hSGuC3CspvLlbnX8cP5L5nZwXF8cGN8l0zSWR6BvzmQ6jPUKjvo6+/xdpkNvEcucBNUdBeeV13g=="],

    "npm-run-path": ["npm-run-path@3.1.0", "", { "dependencies": { "path-key": "^3.0.0" } }, "sha512-Dbl4A/VfiVGLgQv29URL9xshU8XDY1GeLy+fsaZ1AA8JDSfjvr5P5+pzRbWqRSBxk6/DW7MIh8lTM/PaGnP2kg=="],

    "once": ["once@1.4.0", "", { "dependencies": { "wrappy": "1" } }, "sha512-lNaJgI+2Q5URQBkccEKHTQOPaXdUxnZZElQTZY0MFUAuaEqe1E+Nyvgdz/aIyNi6Z9MzO5dv1H8n58/GELp3+w=="],

    "path-key": ["path-key@3.1.1", "", {}, "sha512-ojmeN0qd+y0jszEtoY48r0Peq5dwMEkIlCOu6Q5f41lfkswXuKtYrhgoTpLnyIcHm24Uhqx+5Tqm2InSwLhE6Q=="],

    "picomatch": ["picomatch@4.0.5", "", {}, "sha512-RvwwcruNjI1ncT5xRakeyS9Lf8lcItv34KD+aif+VH9kduAyfYBipGh12274xtenIPZ119/R9BdTBa8gAwSh0A=="],

    "preact": ["preact@10.29.8", "", { "peerDependencies": { "preact-render-to-string": ">=5" }, "optionalPeers": ["preact-render-to-string"] }, "sha512-ej2aVZ+vZ8WO7tvlQWRM9N63A0KzF9q4mWJfDUHgYaIofWY9hu74QdnQrjoPMmZi2/nZ5gN0bJCQF49xQqx09Q=="],

    "preact-render-to-string": ["preact-render-to-string@6.7.0", "", { "peerDependencies": { "preact": ">=10 || >= 11.0.0-0" } }, "sha512-Z4WR8fmLMRpdYqJ9i7vrlXSsSrxVJydwrkEXHapexfARbWfGb7vGcnvNQnIzN0cXciMVOlz/XLoiMCi9gUsy9Q=="],

    "prebuildify": ["prebuildify@6.0.1", "", { "dependencies": { "minimist": "^1.2.5", "mkdirp-classic": "^0.5.3", "node-abi": "^3.3.0", "npm-run-path": "^3.1.0", "pump": "^3.0.0", "tar-fs": "^2.1.0" }, "bin": { "prebuildify": "bin.js" } }, "sha512-8Y2oOOateom/s8dNBsGIcnm6AxPmLH4/nanQzL5lQMU+sC0CMhzARZHizwr36pUPLdvBnOkCNQzxg4djuFSgIw=="],

    "proc-log": ["proc-log@7.0.0", "", {}, "sha512-FYgfaA69XZ93zaXLoMNQ+ViDXGGBgR8aLh03txzcFhV+9xOXx7+8DLCULrKKpR9+GsH9ZfHm82aSUPpozX0Ztg=="],

    "pump": ["pump@3.0.4", "", { "dependencies": { "end-of-stream": "^1.1.0", "once": "^1.3.1" } }, "sha512-VS7sjc6KR7e1ukRFhQSY5LM2uBWAUPiOPa/A3mkKmiMwSmRFUITt0xuj+/lesgnCv+dPIEYlkzrcyXgquIHMcA=="],

    "readable-stream": ["readable-stream@3.6.2", "", { "dependencies": { "inherits": "^2.0.3", "string_decoder": "^1.1.1", "util-deprecate": "^1.0.1" } }, "sha512-9u/sniCrY3D5WdsERHzHE4G2YCXqoG5FTHUiCC4SIbr6XcLZBY05ya9EKjYek9O5xOAwjGq+1JdGBAS7Q9ScoA=="],

    "runner-run": ["runner-run@0.26.2", "", { "dependencies": { "ansispeck": "^0.4.1" }, "optionalDependencies": { "@runner-run/android-arm64": "0.26.2", "@runner-run/darwin-arm64": "0.26.2", "@runner-run/darwin-x64": "0.26.2", "@runner-run/freebsd-arm64": "0.26.2", "@runner-run/freebsd-x64": "0.26.2", "@runner-run/linux-arm64-gnu": "0.26.2", "@runner-run/linux-arm64-musl": "0.26.2", "@runner-run/linux-armv7-gnueabihf": "0.26.2", "@runner-run/linux-x64-gnu": "0.26.2", "@runner-run/linux-x64-musl": "0.26.2", "@runner-run/netbsd-x64": "0.26.2", "@runner-run/win32-arm64-msvc": "0.26.2", "@runner-run/win32-ia32-msvc": "0.26.2", "@runner-run/win32-x64-msvc": "0.26.2" }, "bin": { "run": "bin/run.cjs", "runner": "bin/runner.cjs", "runner-run": "bin/runner.cjs" } }, "sha512-Nqd9UAINsjI71s7xEt89AeRD9ynl0K/quTq/qii3DGr8dO37JuS5Xm9pNCRog16/UmihVtYNds3CG3OSFiRNXw=="],

    "safe-buffer": ["safe-buffer@5.2.1", "", {}, "sha512-rp3So07KcdmmKbGvgaNxQSJr7bGVSVk5S9Eq1F+ppbRo70+YeaDxkw5Dd8NPN+GD6bjnYm2VuPuCXmpuYvmCXQ=="],

    "scripts": ["scripts@workspace:scripts"],

    "semver": ["semver@7.8.5", "", { "bin": { "semver": "bin/semver.js" } }, "sha512-Y7/KDsb8LjooZpwaqGyulO6DQlksgCncchHGk+sZIY4SBvUocMBEFH5Ur1fI4dV+Jvl0w6cjvucaIi40puRioA=="],

    "string_decoder": ["string_decoder@1.3.0", "", { "dependencies": { "safe-buffer": "~5.2.0" } }, "sha512-hkRX8U1WjJFd8LsDJ2yQ/wWWxaopEsABU1XfkM8A+j0+85JAGppt16cr1Whg6KIbb4okU6Mql6BOj+uup/wKeA=="],

    "tar": ["tar@7.5.22", "", { "dependencies": { "@isaacs/fs-minipass": "^4.0.0", "chownr": "^3.0.0", "minipass": "^7.1.2", "minizlib": "^3.1.0", "yallist": "^5.0.0" } }, "sha512-MFO/QzvtAOmJbkhOaCTvbGcFN9L9b+JunIsDwaKljSOdcLMea3NJ1k9Usz/rjdfSXTq4dfzfeS7W4p4YOAAHeA=="],

    "tar-fs": ["tar-fs@2.1.5", "", { "dependencies": { "chownr": "^1.1.1", "mkdirp-classic": "^0.5.2", "pump": "^3.0.0", "tar-stream": "^2.1.4" } }, "sha512-OboTd8mmMhZDNPV+UjQcK9yKAatXu2aJ+r1w4im1Otd4M4fl2hwvdoXUxIYHFTHWK/3y3FarBP70v3vwmGlOxw=="],

    "tar-stream": ["tar-stream@2.2.0", "", { "dependencies": { "bl": "^4.0.3", "end-of-stream": "^1.4.1", "fs-constants": "^1.0.0", "inherits": "^2.0.3", "readable-stream": "^3.1.1" } }, "sha512-ujeqbceABgwMZxEJnk2HDY2DlnUZ+9oEcb1KzTVfYHio0UE6dG71n60d8D2I4qNvleWrrXpmjpt7vZeF1LnMZQ=="],

    "tinyglobby": ["tinyglobby@0.2.17", "", { "dependencies": { "fdir": "^6.5.0", "picomatch": "^4.0.4" } }, "sha512-wXR/dYpcqKmfWpEdZjiKJOwCNFndD0DMnrW/cYjVGttEkBfVgcLFHoNrlj47mjOVic9yyNu65alsgF4NQyTa2g=="],

    "tree-sitter": ["tree-sitter@0.25.1", "", { "dependencies": { "node-addon-api": "^8.5.0", "node-gyp-build": "^4.8.4" } }, "sha512-mrcEdkYtHfrK1A6fs3O6FxkBo0Qig5XUXqHhxUOQu0bmPo00QF4XaSx4edpazdHwxnSCjlGKGgIqWdaN4dvTLA=="],

    "tree-sitter-cli": ["tree-sitter-cli@0.26.13", "", { "bin": { "tree-sitter": "cli.js" } }, "sha512-SIC74lxT2jsygxaIGGb50Bpf8jtll24aXju98Y3eJienBTXCRQ+5k3YigwN31pASEUZKcKh98EPSZWky7ugUMA=="],

    "tree-sitter-svg": ["tree-sitter-svg@workspace:grammars/tree-sitter-svg"],

    "tree-sitter-svg-paint": ["tree-sitter-svg-paint@workspace:grammars/tree-sitter-svg-paint"],

    "tree-sitter-svg-path": ["tree-sitter-svg-path@workspace:grammars/tree-sitter-svg-path"],

    "tree-sitter-svg-transform": ["tree-sitter-svg-transform@workspace:grammars/tree-sitter-svg-transform"],

    "typescript": ["typescript@7.0.2", "", { "optionalDependencies": { "@typescript/typescript-aix-ppc64": "7.0.2", "@typescript/typescript-darwin-arm64": "7.0.2", "@typescript/typescript-darwin-x64": "7.0.2", "@typescript/typescript-freebsd-arm64": "7.0.2", "@typescript/typescript-freebsd-x64": "7.0.2", "@typescript/typescript-linux-arm": "7.0.2", "@typescript/typescript-linux-arm64": "7.0.2", "@typescript/typescript-linux-loong64": "7.0.2", "@typescript/typescript-linux-mips64el": "7.0.2", "@typescript/typescript-linux-ppc64": "7.0.2", "@typescript/typescript-linux-riscv64": "7.0.2", "@typescript/typescript-linux-s390x": "7.0.2", "@typescript/typescript-linux-x64": "7.0.2", "@typescript/typescript-netbsd-arm64": "7.0.2", "@typescript/typescript-netbsd-x64": "7.0.2", "@typescript/typescript-openbsd-arm64": "7.0.2", "@typescript/typescript-openbsd-x64": "7.0.2", "@typescript/typescript-sunos-x64": "7.0.2", "@typescript/typescript-win32-arm64": "7.0.2", "@typescript/typescript-win32-x64": "7.0.2" }, "bin": { "tsc": "bin/tsc" } }, "sha512-8FYau96o3NKOhbjKi/qNvG/W5jhzxkbdm5sj9AbZ/5T5sWqn3hJgLfGx27sRKZWTvyzCP8dLRBTf5tBTSRVUNA=="],

    "undici": ["undici@8.7.0", "", {}, "sha512-N7iQtfyLhIMOFgQubvmLV26svHpO0bqKnAiWotTQCVKCmWrcGbBotPuW1x+xwYZ2VHdSTVUfPQQnlEt1/LouTQ=="],

    "undici-types": ["undici-types@8.9.0", "", {}, "sha512-KTDyRTYX8sWmKXAikPHHSyc63CRPETMctyjKFupcC6OBLXT3xsN0e9aF7m+mIXutFWpUXuedtowG7iLOzp0kQg=="],

    "util-deprecate": ["util-deprecate@1.0.2", "", {}, "sha512-EPD5q1uXyFxJpCrLnCc1nHnq3gOa6DZBocAIiI2TaSCA7VCJ1UJDMagCzIkXNsUYfD1daK//LTEQ8xiIbrHtcw=="],

    "web-features": ["web-features@3.35.0", "", {}, "sha512-/cYBWyzX76WdnvrTiMdmRG0EVZviQfH5U04zvoTrrYRvH7K7pD68YMx8VE3xK2fydaZq0WtEtvuCV30aHl9b1Q=="],

    "which": ["which@7.0.0", "", { "dependencies": { "isexe": "^4.0.0" }, "bin": { "node-which": "bin/which.js" } }, "sha512-RancgH2dmbLdHl6LRhEqvklWMgl/Hdnun0Y90KhBOLkMefg8Qa7/Zel8Sm+8HEcP6DEjzsWzpkuBQEZok58isA=="],

    "wrappy": ["wrappy@1.0.2", "", {}, "sha512-l4Sp/DRseor9wL6EvV2+TuQn63dMkPjZ/sp9XkghTEbV9KlPS1xUsZ3u7/IQO4wxtcFB4bgpQPRcR3QCvezPcQ=="],

    "yallist": ["yallist@5.0.0", "", {}, "sha512-YgvUTfwqyc7UXVMrB+SImsVYSmTS8X/tSrtdNZMImM+n7+QTriRXyXim0mBrTXNeqzVF0KWGgHPeiyViFFrNDw=="],

    "tar-fs/chownr": ["chownr@1.1.4", "", {}, "sha512-jJ0bqzaylmJtVnNgzTeSOs8DPavpbYgEr/b0YL8/2GO3xJEhInFmhKMUnEJQjZumK7KXGFhUy89PrsJWlakBVg=="],
  }
}
