version = 1
revision = 3
requires-python = ">=3.13"

[manifest]
members = [
    "tree-sitter-svg",
    "tree-sitter-svg-paint",
    "tree-sitter-svg-path",
    "tree-sitter-svg-transform",
]

[manifest.dependency-groups]
build = [
    { name = "setuptools", specifier = ">=77.0.0" },
    { name = "typing-extensions", specifier = ">=4.12" },
    { name = "wheel" },
]
dev = [
    { name = "basedpyright" },
    { name = "ruff" },
    { name = "setuptools" },
    { name = "setuptools", specifier = ">=77.0.0" },
    { name = "tree-sitter" },
    { name = "tree-sitter", specifier = "~=0.25" },
    { name = "ty" },
    { name = "typing-extensions", specifier = ">=4.12" },
    { name = "wheel" },
]
lint = [
    { name = "basedpyright" },
    { name = "ruff" },
    { name = "ty" },
]
ts = [{ name = "tree-sitter", specifier = "~=0.25" }]

[[package]]
name = "basedpyright"
version = "1.39.10"
source = { registry = "https://pypi.org/simple" }
dependencies = [
    { name = "nodejs-wheel-binaries" },
]
sdist = { url = "https://files.pythonhosted.org/packages/68/43/ad2999f3b09eb2b1e59931d88fac0f7bcc9c17fc18c903268779bd10cc97/basedpyright-1.39.10.tar.gz", hash = "sha256:c8eaf5302f3265e275c7df4fba194d7afa7c1cb53fbfd448e90098360aca2c2e", size = 24740347, upload-time = "2026-08-13T17:09:02.51Z" }
wheels = [
    { url = "https://files.pythonhosted.org/packages/be/2a/a224054d75a58786c482f63b8ff2a09fc3362268bd1ebd0a61fb3f982153/basedpyright-1.39.10-py3-none-any.whl", hash = "sha256:cbd75d83c0be841329bcfef2d2f1182f152a6d975b8eb199e75cf5b8e9a3de78", size = 13482322, upload-time = "2026-08-13T17:08:59.074Z" },
]

[[package]]
name = "nodejs-wheel-binaries"
version = "24.16.0"
source = { registry = "https://pypi.org/simple" }
sdist = { url = "https://files.pythonhosted.org/packages/a3/22/2a5beb4e21417c73233d9f65cf6f3e96e891b80d2f550a8f630ebc6b88c6/nodejs_wheel_binaries-24.16.0.tar.gz", hash = "sha256:c973cb69dc5fd16e6f6dc6e579e2c3d5534e2a1f57619dddf5ba070efa7dde37", size = 8056, upload-time = "2026-05-30T16:52:09.807Z" }
wheels = [
    { url = "https://files.pythonhosted.org/packages/83/d1/68b43b53cd0fa83ae6fd406705023ca988d9e0ca41c724d82e66fbeb2ef6/nodejs_wheel_binaries-24.16.0-py2.py3-none-macosx_13_0_arm64.whl", hash = "sha256:d9f8f677dcf30e37ac244f07869726abe043f01eb0f45722b1df31cc2af7093c", size = 55666374, upload-time = "2026-05-30T16:51:39.588Z" },
    { url = "https://files.pythonhosted.org/packages/e9/b2/40a989159599080da485de966c4c2d207e852ac7aa7864702626d96c8bf5/nodejs_wheel_binaries-24.16.0-py2.py3-none-macosx_13_0_x86_64.whl", hash = "sha256:3d0370fe7120ce9697a4f60d40480d2bd8808d9f30131458d5afc0040d4e5a51", size = 55838487, upload-time = "2026-05-30T16:51:43.383Z" },
    { url = "https://files.pythonhosted.org/packages/d7/a7/cd42174fb5ff6faff7fa8d326a18914d8f232098ab5de055b57c16fa13ca/nodejs_wheel_binaries-24.16.0-py2.py3-none-manylinux_2_28_aarch64.whl", hash = "sha256:85dc92bbb79c851569c5925dcc2a4c915a034efab375f99e4e7e6bbe9cca8342", size = 60179540, upload-time = "2026-05-30T16:51:47.036Z" },
    { url = "https://files.pythonhosted.org/packages/2b/95/c8a1f9ae140aa28df8744d984d01d4b3af7cdd6555af12127f40ceb45a7d/nodejs_wheel_binaries-24.16.0-py2.py3-none-manylinux_2_28_x86_64.whl", hash = "sha256:2f3036292811514ba847b3708492644764f88a833ac425c5f55007014308ddfd", size = 60716262, upload-time = "2026-05-30T16:51:50.711Z" },
    { url = "https://files.pythonhosted.org/packages/64/c9/7c35b3737f59e36d0249c265397b7bff570519b95301d6e16ea361e904ad/nodejs_wheel_binaries-24.16.0-py2.py3-none-musllinux_1_2_aarch64.whl", hash = "sha256:db8a8a76ebd2b28ecbfc9ad464baa3707241b9e050a30e2efdf6f60c0f886502", size = 62230592, upload-time = "2026-05-30T16:51:55Z" },
    { url = "https://files.pythonhosted.org/packages/04/96/d931255cf9d11a84d6b54d882dba7434646467d568ccf070ea3418638df3/nodejs_wheel_binaries-24.16.0-py2.py3-none-musllinux_1_2_x86_64.whl", hash = "sha256:f1a3d8f7b4491cbbd023ba3fc4e901fcca2d9fb80d57f24ba3890de8b1dbac03", size = 62841759, upload-time = "2026-05-30T16:51:59.407Z" },
    { url = "https://files.pythonhosted.org/packages/a2/7b/8b7a3f41bc255411be30b6d7d288aab8ffd9ea2055db8555ced3548007b9/nodejs_wheel_binaries-24.16.0-py2.py3-none-win_amd64.whl", hash = "sha256:bb136be9944f0662dcf1120f45193a6b75b13fac378971a95cc42c9f879a81aa", size = 42027734, upload-time = "2026-05-30T16:52:03.348Z" },
    { url = "https://files.pythonhosted.org/packages/17/66/1ed71f1f529b8ca727d42c7ceb9db0bef145ce4a13dfc86fb50aa44f3be6/nodejs_wheel_binaries-24.16.0-py2.py3-none-win_arm64.whl", hash = "sha256:8308940b5edd0a50dc5267ea36ba21c9f668e83fe0d9f293937174d3a7e31c36", size = 39714528, upload-time = "2026-05-30T16:52:06.421Z" },
]

[[package]]
name = "packaging"
version = "26.3"
source = { registry = "https://pypi.org/simple" }
sdist = { url = "https://files.pythonhosted.org/packages/7d/fa/3944b40b07da9ce895c0e6303a5ab7d53da063554f534556b134a54d6093/packaging-26.3.tar.gz", hash = "sha256:94edc256424af38762eb31306eed28beb9f0efc50a8837492c9d6fd6004aed79", size = 313412, upload-time = "2026-08-04T18:15:28.737Z" }
wheels = [
    { url = "https://files.pythonhosted.org/packages/63/34/ba1c580383c9eada3711951fef0795c80b829a078d72188184bcab9dd527/packaging-26.3-py3-none-any.whl", hash = "sha256:d7193f7c8e4e93f444fde0262bf90af30e16fa0ad0ad44cb553c87339b23cd1c", size = 129956, upload-time = "2026-08-04T18:15:27.159Z" },
]

[[package]]
name = "ruff"
version = "0.16.3"
source = { registry = "https://pypi.org/simple" }
sdist = { url = "https://files.pythonhosted.org/packages/61/b3/3213589383f8f1b3938781bd1278713f6d18621a14992b3e81fefb8a5ef9/ruff-0.16.3.tar.gz", hash = "sha256:e76d33a347661a84b5be6d043d0347fdc745dfdcf825a8f4fed64b5e26eebdf2", size = 4891904, upload-time = "2026-08-13T15:17:13.381Z" }
wheels = [
    { url = "https://files.pythonhosted.org/packages/bf/96/493770daebd68c0a67f1549fdf519f53be51fc435186c0585bcc272fd76c/ruff-0.16.3-py3-none-linux_armv6l.whl", hash = "sha256:0c5710e247a58a4521e66e124ba9a74655b414f61ba3a2e9e3811e11098f48f7", size = 10902799, upload-time = "2026-08-13T15:16:27.382Z" },
    { url = "https://files.pythonhosted.org/packages/5e/e6/2becf3942fddc29a29b8df47691d456fb1085391a694f74d84513251418c/ruff-0.16.3-py3-none-macosx_10_12_x86_64.whl", hash = "sha256:fe155130631a2471fd2e14a7a664a4dfbd7194b8229c3d7b2a40b21178639081", size = 11135539, upload-time = "2026-08-13T15:16:30.87Z" },
    { url = "https://files.pythonhosted.org/packages/3e/1e/4b8b72f0d006dbf19326aa99f9ca0ee2ff374187c4d301cf529a51aa06fe/ruff-0.16.3-py3-none-macosx_11_0_arm64.whl", hash = "sha256:e2ed719e14aa64d895c2ee922594a90a43c861a93f0575a95ff8c47cdbd13eb9", size = 10475095, upload-time = "2026-08-13T15:16:33.259Z" },
    { url = "https://files.pythonhosted.org/packages/92/32/2201fa49ba1f6c101ee321e83f051ac7a4b8d07b0ef6b4d3f2772b302275/ruff-0.16.3-py3-none-manylinux_2_17_aarch64.manylinux2014_aarch64.whl", hash = "sha256:9e0b1da805eb043654645d74d5de1e5ce2edc686e40790d2b86f56d71cc06a84", size = 10668771, upload-time = "2026-08-13T15:16:35.65Z" },
    { url = "https://files.pythonhosted.org/packages/c3/66/4afc5c8363bd04d45effce1b7c8713ca037d7a6740b7451a2403a6e3a972/ruff-0.16.3-py3-none-manylinux_2_17_armv7l.manylinux2014_armv7l.whl", hash = "sha256:a37bdea0bbe21780f590bf437d6412c8c4e1b6cd010f91a65c2c40c5e5f5f870", size = 10699568, upload-time = "2026-08-13T15:16:38.195Z" },
    { url = "https://files.pythonhosted.org/packages/53/fd/c67d246bf36bf1698551c56de39e95cd07f70e64433e0098e6267d77061b/ruff-0.16.3-py3-none-manylinux_2_17_i686.manylinux2014_i686.whl", hash = "sha256:09571e6d1288ed9be475207a3ac04ada404f1cd898104be0f6ab8d7df438575b", size = 11499365, upload-time = "2026-08-13T15:16:40.623Z" },
    { url = "https://files.pythonhosted.org/packages/67/0b/00ecbceb99a263af7b12f6f05ac3c92bc47b905e91adc3f207a836e3bc01/ruff-0.16.3-py3-none-manylinux_2_17_ppc64le.manylinux2014_ppc64le.whl", hash = "sha256:2c18c5a101eb540010638cc1ff3c84944d3adb3df62b8d98ca8f22ba484d3413", size = 12311728, upload-time = "2026-08-13T15:16:43.564Z" },
    { url = "https://files.pythonhosted.org/packages/54/b2/b7b3bb54f4d3f7db504e476ad4ab8de530dceebe2c061384b2757ee419e8/ruff-0.16.3-py3-none-manylinux_2_17_s390x.manylinux2014_s390x.whl", hash = "sha256:8457c44f15033c85ddbb77b15d451df9e24e4bd03b628396dd3610cedc3b8f82", size = 11699896, upload-time = "2026-08-13T15:16:46.209Z" },
    { url = "https://files.pythonhosted.org/packages/c7/30/4c468429ac195addc5ee1b717b6ab1b66632786737ca3b2ed3443fb0c26a/ruff-0.16.3-py3-none-manylinux_2_17_x86_64.manylinux2014_x86_64.whl", hash = "sha256:294b95c4ae0cda9388525c2047778aa758d6b8d4bb876fd4e9eaa3ebc92343eb", size = 11058736, upload-time = "2026-08-13T15:16:48.823Z" },
    { url = "https://files.pythonhosted.org/packages/43/67/7a113cdaddf24b64d7f75b1242a99d04c82fcef4f6921fdbb832beaffb5f/ruff-0.16.3-py3-none-manylinux_2_31_riscv64.whl", hash = "sha256:3d0c7c40c87c2a820509c31ba007968da6e1306468c067b2d82fbfdbcd0e8474", size = 11586911, upload-time = "2026-08-13T15:16:51.913Z" },
    { url = "https://files.pythonhosted.org/packages/f1/c1/2e66f24c0f3ead25a5e660111778685e505e5da353c82802bf49f0cbe7b9/ruff-0.16.3-py3-none-musllinux_1_2_aarch64.whl", hash = "sha256:9f738c0fdfa8eed0b2ce7fb27ee7258208a92a68d7949e62aa15164bc7b389da", size = 10954265, upload-time = "2026-08-13T15:16:54.763Z" },
    { url = "https://files.pythonhosted.org/packages/c2/ba/4cee23bf52cba9a058d3726de623624daf50ef9638868edd86f4126157f6/ruff-0.16.3-py3-none-musllinux_1_2_armv7l.whl", hash = "sha256:fb785f0be25abe69d320415cd4f833b59e17ba7613d9ba6a958023b6bceb0a50", size = 10709886, upload-time = "2026-08-13T15:16:57.339Z" },
    { url = "https://files.pythonhosted.org/packages/82/df/7da7194fa5d9dc0a285f7e6fa5a4722e7c63faac0b45b614ded9314363a1/ruff-0.16.3-py3-none-musllinux_1_2_i686.whl", hash = "sha256:c5536e3acfbf9563085aa2be7b13c629c3077e902afc5b941ac44024dbb9f506", size = 11210392, upload-time = "2026-08-13T15:17:00.171Z" },
    { url = "https://files.pythonhosted.org/packages/35/85/7795f6e817af050e7517bf3e7aa9b061cce70ef33d280aad902c956c1ecf/ruff-0.16.3-py3-none-musllinux_1_2_x86_64.whl", hash = "sha256:a2d85c02f9b8e165d85e6779184d38c4132de12603dab59c51c28e22584f9e4d", size = 11626910, upload-time = "2026-08-13T15:17:03.299Z" },
    { url = "https://files.pythonhosted.org/packages/78/9b/475b927cf27a5cbbda3c7bafb69ed6ff77e1d7923d5d85f17c2749d7ae32/ruff-0.16.3-py3-none-win32.whl", hash = "sha256:388cdf2166642bd9b13d52b5932d3170f34f8abed7e8d9a855f1d84b83645a0a", size = 10931415, upload-time = "2026-08-13T15:17:05.726Z" },
    { url = "https://files.pythonhosted.org/packages/b2/99/e2a2bfc4fbf0a1e8a916bc9ebe6fe6c58cc34c28e0ffc6ce281d572d1c2e/ruff-0.16.3-py3-none-win_amd64.whl", hash = "sha256:e80a7d69ca2a6d1c4d352ec91458cdca6e56c83cdbcabd93e4abe1e53591d948", size = 11445993, upload-time = "2026-08-13T15:17:08.353Z" },
    { url = "https://files.pythonhosted.org/packages/69/3e/4132e539aed78c148854d4997a2685b0ed4dc4e87110b59ce528564e184e/ruff-0.16.3-py3-none-win_arm64.whl", hash = "sha256:b8ca152da82c1acc1fa8d5874b15951935f0eef46f10e6954c83859011b6178a", size = 11399302, upload-time = "2026-08-13T15:17:10.908Z" },
]

[[package]]
name = "setuptools"
version = "84.0.0"
source = { registry = "https://pypi.org/simple" }
sdist = { url = "https://files.pythonhosted.org/packages/6d/44/f5da03a8ef95d369145c5bb53050e7877c9f3d312e128605fd9504829143/setuptools-84.0.0.tar.gz", hash = "sha256:f4695c21257f0d9b537ec2692c941d02ee143b7cc1276941349a546573b2ef73", size = 1168449, upload-time = "2026-08-08T18:27:58.365Z" }
wheels = [
    { url = "https://files.pythonhosted.org/packages/95/9c/c510029fc6ef33a6275cd2c5d3cecd6613dfd6aa401d57c54f1c18852ccf/setuptools-84.0.0-py3-none-any.whl", hash = "sha256:51a52592b3b99e102b609654876bd65f19f999935166d1352678931132b0c670", size = 818216, upload-time = "2026-08-08T18:27:56.719Z" },
]

[[package]]
name = "tree-sitter"
version = "0.26.0"
source = { registry = "https://pypi.org/simple" }
sdist = { url = "https://files.pythonhosted.org/packages/f7/03/5600b84aff2e6c4fe80cfebb4063fe2f50299521befe5f6092ab8c082f4a/tree_sitter-0.26.0.tar.gz", hash = "sha256:b40c219edccc4564530c96f8f1556f6202b37cda964d1cbd7bd2b7e68b40a245", size = 191423, upload-time = "2026-06-30T12:14:27.933Z" }
wheels = [
    { url = "https://files.pythonhosted.org/packages/cb/b0/465257cf8f972ad9f9812ec1cbaa8ec210ebebb601ade9a15881aa2436b4/tree_sitter-0.26.0-cp313-cp313-macosx_10_13_x86_64.whl", hash = "sha256:ed0889dbed843ce45ede9f5169c0b2dea2222f12685844a03fadb81f12705867", size = 148893, upload-time = "2026-06-30T12:14:10.541Z" },
    { url = "https://files.pythonhosted.org/packages/a1/ec/19d093e854b45e807fecfdd26105c266f43aeecc39c4dc97992a7074ad5a/tree_sitter-0.26.0-cp313-cp313-macosx_11_0_arm64.whl", hash = "sha256:6189c6c340c7384357711e3d92645e96bfb79f7a502f86de1ebdb23eb43f7dab", size = 140829, upload-time = "2026-06-30T12:14:11.626Z" },
    { url = "https://files.pythonhosted.org/packages/9b/ee/87e74671ed63a837e7a1f17ab94aa3913871e033b27523d8e7b83d6f7ad0/tree_sitter-0.26.0-cp313-cp313-manylinux2014_aarch64.manylinux_2_17_aarch64.manylinux_2_28_aarch64.whl", hash = "sha256:8ff2e0750b7daa722302838356d7b65e303829b7eb73c915df127ddba115e1d1", size = 639334, upload-time = "2026-06-30T12:14:12.836Z" },
    { url = "https://files.pythonhosted.org/packages/66/e7/f7e04cd9dff6b6ac0adf23922796fbc76accd4cf4bcda50542748d485679/tree_sitter-0.26.0-cp313-cp313-manylinux2014_x86_64.manylinux_2_17_x86_64.manylinux_2_28_x86_64.whl", hash = "sha256:7075ef857ef86f327dbb72d1e2574dda78db5754b3a1fca6506acd7fe5d561a7", size = 668102, upload-time = "2026-06-30T12:14:14.035Z" },
    { url = "https://files.pythonhosted.org/packages/d3/90/0bfb16b7894fea728c774a89d5af421a9368a2f913bbd4e8dcab7caaecfb/tree_sitter-0.26.0-cp313-cp313-manylinux_2_31_riscv64.manylinux_2_39_riscv64.whl", hash = "sha256:26c996c1edfee86e977bb3f5462e74fcec0d0b0db1e85a3c475875763caa03be", size = 648560, upload-time = "2026-06-30T12:14:15.302Z" },
    { url = "https://files.pythonhosted.org/packages/cd/e6/0fe05ba396e9623b0ae40ccf34171336b8701ec8d7bd0ee9f5224d638665/tree_sitter-0.26.0-cp313-cp313-musllinux_1_2_x86_64.whl", hash = "sha256:00289bfe7978f3e0dc0ce69813a20fa9f44ea4c100b3ec62043e5eb74ccfc3a2", size = 665121, upload-time = "2026-06-30T12:14:16.403Z" },
    { url = "https://files.pythonhosted.org/packages/eb/d2/a944b1ca35bed6068dc84a9967aaf3049d8cc0b7a36179eea8787270a6ab/tree_sitter-0.26.0-cp313-cp313-win_amd64.whl", hash = "sha256:93e220cab7e6a823efeb2046c49171427de92ef71c7c681c01820d14d8d3721f", size = 129615, upload-time = "2026-06-30T12:14:17.463Z" },
    { url = "https://files.pythonhosted.org/packages/09/ef/c7ca48293580d2249f36940c4eed5b4ddeb9ce75baf9a4ef30621987e0c7/tree_sitter-0.26.0-cp313-cp313-win_arm64.whl", hash = "sha256:b31a8195d2f224224c530ac814632d98c1dcc123d227442c07c736e86b70d564", size = 116525, upload-time = "2026-06-30T12:14:18.53Z" },
    { url = "https://files.pythonhosted.org/packages/c5/7a/4d84e6f6ae2c3e757490dd84de251712c31e293dfe31f28da1ec019cefa2/tree_sitter-0.26.0-cp314-cp314-macosx_10_15_x86_64.whl", hash = "sha256:5a3c93a352b7e6f70f73e121bbfa2d0117ba7478bd51114ed35c91b0b78814fa", size = 148901, upload-time = "2026-06-30T12:14:19.452Z" },
    { url = "https://files.pythonhosted.org/packages/b0/d9/efe62ec65dc9d096e834d27b8c058127e2146e42ff3380b822a233f016a6/tree_sitter-0.26.0-cp314-cp314-macosx_11_0_arm64.whl", hash = "sha256:5fc2f41bf246ff2f70a9cc3690be35ec7580a4923151873d898c8bcb1a4503d3", size = 140805, upload-time = "2026-06-30T12:14:20.478Z" },
    { url = "https://files.pythonhosted.org/packages/c4/2c/c82326b7b97e3c485c18679883b16f89e5e913c639d3b219d3da70c9e67e/tree_sitter-0.26.0-cp314-cp314-manylinux2014_aarch64.manylinux_2_17_aarch64.manylinux_2_28_aarch64.whl", hash = "sha256:b8ea92a255c91671a7ec4625aba3ab7bb5220c423630ffbf83c45d7312abe084", size = 640586, upload-time = "2026-06-30T12:14:21.527Z" },
    { url = "https://files.pythonhosted.org/packages/e2/7a/f56e7d8282859452611024c7cbc623bfba5b24b8cb9b8f8bc88c5219fe9a/tree_sitter-0.26.0-cp314-cp314-manylinux2014_x86_64.manylinux_2_17_x86_64.manylinux_2_28_x86_64.whl", hash = "sha256:f665510f0fcf4636fb9696f1f7853bed7a3bd764b7bb0cb8494e619c14ed5a0c", size = 668300, upload-time = "2026-06-30T12:14:22.728Z" },
    { url = "https://files.pythonhosted.org/packages/91/51/240ee81b9d5e9ca0a6cb1528e8605ffa70ab58c89ce126631be96d3e4bae/tree_sitter-0.26.0-cp314-cp314-manylinux_2_31_riscv64.manylinux_2_39_riscv64.whl", hash = "sha256:253df7ab82cc0a9d311cd65f06e9f99fb3eac55996ae9fc94da22f123a861b90", size = 649627, upload-time = "2026-06-30T12:14:23.819Z" },
    { url = "https://files.pythonhosted.org/packages/6a/54/760035cefedf9eb44f0f84c4ac22f1322e73155853e272576ee876336312/tree_sitter-0.26.0-cp314-cp314-musllinux_1_2_x86_64.whl", hash = "sha256:ff80d4833d330a73184a3ac5132abe93c575d2dea31975c6f15c0d21fef238aa", size = 664885, upload-time = "2026-06-30T12:14:25.064Z" },
    { url = "https://files.pythonhosted.org/packages/c9/1b/0b36fe2a984ecedc4ce6aefd5d56447a6626a8e9b595c4e48658510ce8f8/tree_sitter-0.26.0-cp314-cp314-win_amd64.whl", hash = "sha256:a4033fecc8f606c7f2e8b8014d0057b74668a7f0152763606f7bc25c5f9ec64c", size = 132688, upload-time = "2026-06-30T12:14:26.106Z" },
    { url = "https://files.pythonhosted.org/packages/4d/74/ebc041a13fbf40144afdb0d4b447e48e0b4012ca866c63de8b48f801f0c1/tree_sitter-0.26.0-cp314-cp314-win_arm64.whl", hash = "sha256:823251c4b6725a7c03ed497a339135ede7ae4bdde75bb8be7ef5e305aeb4ff52", size = 120287, upload-time = "2026-06-30T12:14:26.991Z" },
]

[[package]]
name = "tree-sitter-svg"
version = "0.2.0"
source = { editable = "grammars/tree-sitter-svg" }

[package.optional-dependencies]
core = [
    { name = "tree-sitter" },
]

[package.dev-dependencies]
build = [
    { name = "setuptools" },
    { name = "typing-extensions" },
    { name = "wheel" },
]
dev = [
    { name = "basedpyright" },
    { name = "ruff" },
    { name = "setuptools" },
    { name = "tree-sitter" },
    { name = "ty" },
    { name = "typing-extensions" },
    { name = "wheel" },
]
lint = [
    { name = "basedpyright" },
    { name = "ruff" },
    { name = "ty" },
]
ts = [
    { name = "tree-sitter" },
]

[package.metadata]
requires-dist = [{ name = "tree-sitter", marker = "extra == 'core'", specifier = "~=0.25" }]
provides-extras = ["core"]

[package.metadata.requires-dev]
build = [
    { name = "setuptools", specifier = ">=77.0.0" },
    { name = "typing-extensions", specifier = ">=4.12" },
    { name = "wheel" },
]
dev = [
    { name = "basedpyright" },
    { name = "ruff" },
    { name = "setuptools", specifier = ">=77.0.0" },
    { name = "tree-sitter", specifier = "~=0.25" },
    { name = "ty" },
    { name = "typing-extensions", specifier = ">=4.12" },
    { name = "wheel" },
]
lint = [
    { name = "basedpyright" },
    { name = "ruff" },
    { name = "ty" },
]
ts = [{ name = "tree-sitter", specifier = "~=0.25" }]

[[package]]
name = "tree-sitter-svg-paint"
version = "0.2.0"
source = { editable = "grammars/tree-sitter-svg-paint" }

[package.optional-dependencies]
core = [
    { name = "tree-sitter" },
]

[package.dev-dependencies]
build = [
    { name = "setuptools" },
    { name = "typing-extensions" },
    { name = "wheel" },
]
dev = [
    { name = "basedpyright" },
    { name = "ruff" },
    { name = "setuptools" },
    { name = "tree-sitter" },
    { name = "ty" },
    { name = "typing-extensions" },
    { name = "wheel" },
]
lint = [
    { name = "basedpyright" },
    { name = "ruff" },
    { name = "ty" },
]
ts = [
    { name = "tree-sitter" },
]

[package.metadata]
requires-dist = [{ name = "tree-sitter", marker = "extra == 'core'", specifier = "~=0.25" }]
provides-extras = ["core"]

[package.metadata.requires-dev]
build = [
    { name = "setuptools", specifier = ">=77.0.0" },
    { name = "typing-extensions", specifier = ">=4.12" },
    { name = "wheel" },
]
dev = [
    { name = "basedpyright" },
    { name = "ruff" },
    { name = "setuptools", specifier = ">=77.0.0" },
    { name = "tree-sitter", specifier = "~=0.25" },
    { name = "ty" },
    { name = "typing-extensions", specifier = ">=4.12" },
    { name = "wheel" },
]
lint = [
    { name = "basedpyright" },
    { name = "ruff" },
    { name = "ty" },
]
ts = [{ name = "tree-sitter", specifier = "~=0.25" }]

[[package]]
name = "tree-sitter-svg-path"
version = "0.2.0"
source = { editable = "grammars/tree-sitter-svg-path" }

[package.optional-dependencies]
core = [
    { name = "tree-sitter" },
]

[package.dev-dependencies]
build = [
    { name = "setuptools" },
    { name = "typing-extensions" },
    { name = "wheel" },
]
dev = [
    { name = "basedpyright" },
    { name = "ruff" },
    { name = "setuptools" },
    { name = "tree-sitter" },
    { name = "ty" },
    { name = "typing-extensions" },
    { name = "wheel" },
]
lint = [
    { name = "basedpyright" },
    { name = "ruff" },
    { name = "ty" },
]
ts = [
    { name = "tree-sitter" },
]

[package.metadata]
requires-dist = [{ name = "tree-sitter", marker = "extra == 'core'", specifier = "~=0.25" }]
provides-extras = ["core"]

[package.metadata.requires-dev]
build = [
    { name = "setuptools", specifier = ">=77.0.0" },
    { name = "typing-extensions", specifier = ">=4.12" },
    { name = "wheel" },
]
dev = [
    { name = "basedpyright" },
    { name = "ruff" },
    { name = "setuptools", specifier = ">=77.0.0" },
    { name = "tree-sitter", specifier = "~=0.25" },
    { name = "ty" },
    { name = "typing-extensions", specifier = ">=4.12" },
    { name = "wheel" },
]
lint = [
    { name = "basedpyright" },
    { name = "ruff" },
    { name = "ty" },
]
ts = [{ name = "tree-sitter", specifier = "~=0.25" }]

[[package]]
name = "tree-sitter-svg-transform"
version = "0.2.0"
source = { editable = "grammars/tree-sitter-svg-transform" }

[package.optional-dependencies]
core = [
    { name = "tree-sitter" },
]

[package.dev-dependencies]
build = [
    { name = "setuptools" },
    { name = "typing-extensions" },
    { name = "wheel" },
]
dev = [
    { name = "basedpyright" },
    { name = "ruff" },
    { name = "setuptools" },
    { name = "tree-sitter" },
    { name = "ty" },
    { name = "typing-extensions" },
    { name = "wheel" },
]
lint = [
    { name = "basedpyright" },
    { name = "ruff" },
    { name = "ty" },
]
ts = [
    { name = "tree-sitter" },
]

[package.metadata]
requires-dist = [{ name = "tree-sitter", marker = "extra == 'core'", specifier = "~=0.25" }]
provides-extras = ["core"]

[package.metadata.requires-dev]
build = [
    { name = "setuptools", specifier = ">=77.0.0" },
    { name = "typing-extensions", specifier = ">=4.12" },
    { name = "wheel" },
]
dev = [
    { name = "basedpyright" },
    { name = "ruff" },
    { name = "setuptools", specifier = ">=77.0.0" },
    { name = "tree-sitter", specifier = "~=0.25" },
    { name = "ty" },
    { name = "typing-extensions", specifier = ">=4.12" },
    { name = "wheel" },
]
lint = [
    { name = "basedpyright" },
    { name = "ruff" },
    { name = "ty" },
]
ts = [{ name = "tree-sitter", specifier = "~=0.25" }]

[[package]]
name = "ty"
version = "0.0.72"
source = { registry = "https://pypi.org/simple" }
sdist = { url = "https://files.pythonhosted.org/packages/d5/df/656e684bafb13c1d146e7d5b5f3e7978ca177232acc84998ff36427e9462/ty-0.0.72.tar.gz", hash = "sha256:ec2b8066b618df18cab4cb8e992f8da45d360332acb23fa34df7fa29cd1b9d3a", size = 6654939, upload-time = "2026-08-14T21:35:42.612Z" }
wheels = [
    { url = "https://files.pythonhosted.org/packages/e2/3b/f51461239a4e66565d4b362f97a3b55fe7fdba2e944068341f87c62f6743/ty-0.0.72-py3-none-linux_armv6l.whl", hash = "sha256:fda86db153ffd85ee52000cf175d6a3f1c0223772cf7c5b6f726200bf92c7b44", size = 12621989, upload-time = "2026-08-14T21:35:01.676Z" },
    { url = "https://files.pythonhosted.org/packages/ca/fb/79ddf683affc679ca856f3510b5640ec3a88a842ba5f654f5d4bc78f1786/ty-0.0.72-py3-none-macosx_10_12_x86_64.whl", hash = "sha256:ceb944c612529b9023acfdc9cf4c0dcbb722549f9d17d46baecd1141baf01d7f", size = 12233910, upload-time = "2026-08-14T21:35:04.334Z" },
    { url = "https://files.pythonhosted.org/packages/5d/45/10562a0d84802158db8fa4ec46de54aa9fdcecdeeaabbfe3639ae7042b66/ty-0.0.72-py3-none-macosx_11_0_arm64.whl", hash = "sha256:108d76218333d6c092e5f1cebf8e9b06f25738613a0236a28e2dd47c936ee52c", size = 12084108, upload-time = "2026-08-14T21:35:06.686Z" },
    { url = "https://files.pythonhosted.org/packages/a1/dc/1fe1aef8d697e3509face271a5331700c7aa1d1e44a4b622707bdfa41d4b/ty-0.0.72-py3-none-manylinux_2_17_aarch64.manylinux2014_aarch64.whl", hash = "sha256:7f3943f186f741a2499a31053872169250c9264a9a49684920e48d8fcf4ef4f5", size = 12132640, upload-time = "2026-08-14T21:35:09.305Z" },
    { url = "https://files.pythonhosted.org/packages/14/46/41ceb265e96969487311a2014bd0e53abb4fbc1395efb2ebe411fcb4db62/ty-0.0.72-py3-none-manylinux_2_17_armv7l.manylinux2014_armv7l.whl", hash = "sha256:cf283c07dc3cc52ca48a3ad8ab100fb5aec3aebbd03ef6a12d5f910b8e596fc5", size = 12402489, upload-time = "2026-08-14T21:35:11.555Z" },
    { url = "https://files.pythonhosted.org/packages/2b/45/30bf43cb4fd505c5c2dd30fda27dde5f05208686cd21217adec77c954204/ty-0.0.72-py3-none-manylinux_2_17_i686.manylinux2014_i686.whl", hash = "sha256:95f3b6462c38f9f115d10cee21f47fedf715fcf2040daf36eef210359300bc7c", size = 13130835, upload-time = "2026-08-14T21:35:13.746Z" },
    { url = "https://files.pythonhosted.org/packages/31/2f/03bba754d2613f640df168335c41f83f41db150bb515839c60d80e3a7880/ty-0.0.72-py3-none-manylinux_2_17_ppc64le.manylinux2014_ppc64le.whl", hash = "sha256:30caf658feb8ffb250d9e9e47107657a78f5f3425c227df1664d8df2ebe38880", size = 13590392, upload-time = "2026-08-14T21:35:16.839Z" },
    { url = "https://files.pythonhosted.org/packages/04/c7/03c67f00e63005ec41585653dc3096064570b1e6273742baae2798cd242f/ty-0.0.72-py3-none-manylinux_2_17_s390x.manylinux2014_s390x.whl", hash = "sha256:27bdc012ddfbeec8948e4a6036c0dc39ac7cf2c8ec7c7d48dc7d2fd56d57b399", size = 13309629, upload-time = "2026-08-14T21:35:19.169Z" },
    { url = "https://files.pythonhosted.org/packages/c1/df/102d3b264eb7f2a58dd11952f229bb5150bb5668d176a6154976a6675981/ty-0.0.72-py3-none-manylinux_2_17_x86_64.manylinux2014_x86_64.whl", hash = "sha256:802c5970a77d7739e6f499921fbb6984fb7ad8a31d95e1ff42fd46f3642e4f3b", size = 12734028, upload-time = "2026-08-14T21:35:22.099Z" },
    { url = "https://files.pythonhosted.org/packages/61/85/d0737c8c54d0ba67366ddfb9f31d88edf0b02299e65923e6945ae60ebcb5/ty-0.0.72-py3-none-manylinux_2_31_riscv64.whl", hash = "sha256:47dce65114fdc615c68ca0edb393b433df0956447e4267df0e264137a789598d", size = 13174832, upload-time = "2026-08-14T21:35:24.71Z" },
    { url = "https://files.pythonhosted.org/packages/1e/31/497f5a96c36d9b586ab6afe0574986835c6fd5b835a89773d2bec4711b49/ty-0.0.72-py3-none-musllinux_1_2_aarch64.whl", hash = "sha256:325144fa07e2675d0faa337fcc864213c272a499eb0cfe5bde2fdc62282d27bc", size = 12215005, upload-time = "2026-08-14T21:35:26.892Z" },
    { url = "https://files.pythonhosted.org/packages/df/7d/46e65b17b4966c7cd0140f134380d33d8e84fe6efccd761533ce793dc502/ty-0.0.72-py3-none-musllinux_1_2_armv7l.whl", hash = "sha256:a5c9f15d0f58e43707d8848274be1821a0ef408eccb8aa7dda28a4a9eddf7640", size = 12421298, upload-time = "2026-08-14T21:35:29.301Z" },
    { url = "https://files.pythonhosted.org/packages/08/2a/12ada4ec17700b3cb1d4fd3bc3e5b1852df9e6885288429318cade87b3c1/ty-0.0.72-py3-none-musllinux_1_2_i686.whl", hash = "sha256:8ee508d64b381871529cc22c412b41071bf5e908b7aa5d66a38f3f6b2573a806", size = 12669242, upload-time = "2026-08-14T21:35:31.444Z" },
    { url = "https://files.pythonhosted.org/packages/1c/1a/4692536880790fb550ed6d44a6096778dc71bb112f2c6d615cebb01a57e5/ty-0.0.72-py3-none-musllinux_1_2_x86_64.whl", hash = "sha256:3699e2ec7921d44da79d6b089f7bf239b2cc53c4e45a5a38430adc34ee9e9a55", size = 12988199, upload-time = "2026-08-14T21:35:33.749Z" },
    { url = "https://files.pythonhosted.org/packages/9a/0d/f5e5a50322e9c45865e7b7a428ba6cd6527387cf0f2472492ac3cf746243/ty-0.0.72-py3-none-win32.whl", hash = "sha256:f25f72a67bd36cd247707c4784e52fad0b6b4f42a1b7dd14804110fa95c486ed", size = 11939708, upload-time = "2026-08-14T21:35:36.006Z" },
    { url = "https://files.pythonhosted.org/packages/3f/4e/8af3534b2e4214e6184a5a59c34101e94a68d578f081f97b995866bab1bf/ty-0.0.72-py3-none-win_amd64.whl", hash = "sha256:cdeee869341717e1736cea2e2d7856738c6957c320f584ed2f68c8f90100d2f5", size = 12643876, upload-time = "2026-08-14T21:35:38.141Z" },
    { url = "https://files.pythonhosted.org/packages/ff/ea/a2606e654c7276bd08586391a2525b0af3f3bf60228a8c57b2d248f273f9/ty-0.0.72-py3-none-win_arm64.whl", hash = "sha256:1bd3ac3ed4424a6d6990a85dc388556aea012bd752de21349a84b685951de0d8", size = 12394857, upload-time = "2026-08-14T21:35:40.277Z" },
]

[[package]]
name = "typing-extensions"
version = "4.16.0"
source = { registry = "https://pypi.org/simple" }
sdist = { url = "https://files.pythonhosted.org/packages/f6/cc/6253133b5bb138fc3306cebfbda2c520f545d36b5be2c7255cc528bb45d6/typing_extensions-4.16.0.tar.gz", hash = "sha256:dc983d19a509c94dba722ee6abd33940f7c05a89e243c47e907eb4db6f1a43e5", size = 113555, upload-time = "2026-07-02T08:40:05.92Z" }
wheels = [
    { url = "https://files.pythonhosted.org/packages/49/d3/b8441a820a491ddfc024b0b0cf0393375b75ea13866d9c66727e54c2fc80/typing_extensions-4.16.0-py3-none-any.whl", hash = "sha256:481caa481374e813c1b176ada14e97f1f67a4539ce9cfeb3f350d78d6370c2e8", size = 45571, upload-time = "2026-07-02T08:40:04.659Z" },
]

[[package]]
name = "wheel"
version = "0.48.0"
source = { registry = "https://pypi.org/simple" }
dependencies = [
    { name = "packaging" },
]
sdist = { url = "https://files.pythonhosted.org/packages/d0/20/50ed6bdf27dec98b568a8ae25dc599f35baa3d9709f9e83fd1edb56b9a90/wheel-0.48.0.tar.gz", hash = "sha256:94800765601e9171bf5d58d066e640662842bcedcbab982b2c90787a2c987322", size = 66471, upload-time = "2026-08-11T22:02:27.327Z" }
wheels = [
    { url = "https://files.pythonhosted.org/packages/2e/29/69cfbb602cd91690c55d38ba9fe53e6a7e76a6fa647bf38f19c138d25449/wheel-0.48.0-py3-none-any.whl", hash = "sha256:3217dcc807155e45db462d7ef2431f5ddda0d7273b700d05a67b271ceb1287ab", size = 33320, upload-time = "2026-08-11T22:02:26.1Z" },
]
