version = 1
revision = 3
requires-python = ">=3.10"

[[package]]
name = "basedpyright"
version = "1.39.8"
source = { registry = "https://pypi.org/simple" }
dependencies = [
    { name = "nodejs-wheel-binaries" },
]
sdist = { url = "https://files.pythonhosted.org/packages/d2/62/8550c75850b2185df984d1de437b4805b039ba856cacbee2966236203133/basedpyright-1.39.8.tar.gz", hash = "sha256:bb1a86d4d71425d52d1501b317fe23d45527baed06bd5d5e1a07cd4b60d07b55", size = 25488230, upload-time = "2026-06-14T09:05:30.177Z" }
wheels = [
    { url = "https://files.pythonhosted.org/packages/f5/94/878454aefe94328ba7ad808ecd63da8311aae1198da46cfb29f5cfe130a8/basedpyright-1.39.8-py3-none-any.whl", hash = "sha256:a79d89928064bd9023d429b50c625d87d023bacc2fe3932ef6c7bd13b5426048", size = 13182726, upload-time = "2026-06-14T09:05:26.368Z" },
]

[[package]]
name = "nodejs-wheel-binaries"
version = "24.16.0"
source = { registry = "https://pypi.org/simple" }
sdist = { url = "https://files.pythonhosted.org/packages/a3/22/2a5beb4e21417c73233d9f65cf6f3e96e891b80d2f550a8f630ebc6b88c6/nodejs_wheel_binaries-24.16.0.tar.gz", hash = "sha256:c973cb69dc5fd16e6f6dc6e579e2c3d5534e2a1f57619dddf5ba070efa7dde37", size = 8056, upload-time = "2026-05-30T16:52:09.807Z" }
wheels = [
    { url = "https://files.pythonhosted.org/packages/83/d1/68b43b53cd0fa83ae6fd406705023ca988d9e0ca41c724d82e66fbeb2ef6/nodejs_wheel_binaries-24.16.0-py2.py3-none-macosx_13_0_arm64.whl", hash = "sha256:d9f8f677dcf30e37ac244f07869726abe043f01eb0f45722b1df31cc2af7093c", size = 55666374, upload-time = "2026-05-30T16:51:39.588Z" },
    { url = "https://files.pythonhosted.org/packages/e9/b2/40a989159599080da485de966c4c2d207e852ac7aa7864702626d96c8bf5/nodejs_wheel_binaries-24.16.0-py2.py3-none-macosx_13_0_x86_64.whl", hash = "sha256:3d0370fe7120ce9697a4f60d40480d2bd8808d9f30131458d5afc0040d4e5a51", size = 55838487, upload-time = "2026-05-30T16:51:43.383Z" },
    { url = "https://files.pythonhosted.org/packages/d7/a7/cd42174fb5ff6faff7fa8d326a18914d8f232098ab5de055b57c16fa13ca/nodejs_wheel_binaries-24.16.0-py2.py3-none-manylinux_2_28_aarch64.whl", hash = "sha256:85dc92bbb79c851569c5925dcc2a4c915a034efab375f99e4e7e6bbe9cca8342", size = 60179540, upload-time = "2026-05-30T16:51:47.036Z" },
    { url = "https://files.pythonhosted.org/packages/2b/95/c8a1f9ae140aa28df8744d984d01d4b3af7cdd6555af12127f40ceb45a7d/nodejs_wheel_binaries-24.16.0-py2.py3-none-manylinux_2_28_x86_64.whl", hash = "sha256:2f3036292811514ba847b3708492644764f88a833ac425c5f55007014308ddfd", size = 60716262, upload-time = "2026-05-30T16:51:50.711Z" },
    { url = "https://files.pythonhosted.org/packages/64/c9/7c35b3737f59e36d0249c265397b7bff570519b95301d6e16ea361e904ad/nodejs_wheel_binaries-24.16.0-py2.py3-none-musllinux_1_2_aarch64.whl", hash = "sha256:db8a8a76ebd2b28ecbfc9ad464baa3707241b9e050a30e2efdf6f60c0f886502", size = 62230592, upload-time = "2026-05-30T16:51:55Z" },
    { url = "https://files.pythonhosted.org/packages/04/96/d931255cf9d11a84d6b54d882dba7434646467d568ccf070ea3418638df3/nodejs_wheel_binaries-24.16.0-py2.py3-none-musllinux_1_2_x86_64.whl", hash = "sha256:f1a3d8f7b4491cbbd023ba3fc4e901fcca2d9fb80d57f24ba3890de8b1dbac03", size = 62841759, upload-time = "2026-05-30T16:51:59.407Z" },
    { url = "https://files.pythonhosted.org/packages/a2/7b/8b7a3f41bc255411be30b6d7d288aab8ffd9ea2055db8555ced3548007b9/nodejs_wheel_binaries-24.16.0-py2.py3-none-win_amd64.whl", hash = "sha256:bb136be9944f0662dcf1120f45193a6b75b13fac378971a95cc42c9f879a81aa", size = 42027734, upload-time = "2026-05-30T16:52:03.348Z" },
    { url = "https://files.pythonhosted.org/packages/17/66/1ed71f1f529b8ca727d42c7ceb9db0bef145ce4a13dfc86fb50aa44f3be6/nodejs_wheel_binaries-24.16.0-py2.py3-none-win_arm64.whl", hash = "sha256:8308940b5edd0a50dc5267ea36ba21c9f668e83fe0d9f293937174d3a7e31c36", size = 39714528, upload-time = "2026-05-30T16:52:06.421Z" },
]

[[package]]
name = "packaging"
version = "26.2"
source = { registry = "https://pypi.org/simple" }
sdist = { url = "https://files.pythonhosted.org/packages/d7/f1/e7a6dd94a8d4a5626c03e4e99c87f241ba9e350cd9e6d75123f992427270/packaging-26.2.tar.gz", hash = "sha256:ff452ff5a3e828ce110190feff1178bb1f2ea2281fa2075aadb987c2fb221661", size = 228134, upload-time = "2026-04-24T20:15:23.917Z" }
wheels = [
    { url = "https://files.pythonhosted.org/packages/df/b2/87e62e8c3e2f4b32e5fe99e0b86d576da1312593b39f47d8ceef365e95ed/packaging-26.2-py3-none-any.whl", hash = "sha256:5fc45236b9446107ff2415ce77c807cee2862cb6fac22b8a73826d0693b0980e", size = 100195, upload-time = "2026-04-24T20:15:22.081Z" },
]

[[package]]
name = "ruff"
version = "0.15.18"
source = { registry = "https://pypi.org/simple" }
sdist = { url = "https://files.pythonhosted.org/packages/74/98/1295ad5a5aa9bc85bdcdfa5d82fe7b49c61af5657df4f227637ff9de0da6/ruff-0.15.18.tar.gz", hash = "sha256:2698a964c70e8bf402dcb99c8810472d270d141e7aa8c4e13599fd52033a2f33", size = 4761437, upload-time = "2026-06-18T18:25:39.224Z" }
wheels = [
    { url = "https://files.pythonhosted.org/packages/b9/d0/686e984941269621e2be72612d5c1e461f8f7b38415a2a7d7a81c8ae6715/ruff-0.15.18-py3-none-linux_armv6l.whl", hash = "sha256:8b6850172348c8381b8b3084c5915a4393c2373b9b54cd5b5e1ea15812bc10df", size = 10887308, upload-time = "2026-06-18T18:25:03.062Z" },
    { url = "https://files.pythonhosted.org/packages/ed/21/bc4123e3f5515ee99f8ce1eb93a14a0628fe4d1678663cd08f933ac16931/ruff-0.15.18-py3-none-macosx_10_12_x86_64.whl", hash = "sha256:3fccc153a85417dcd976883160cacce486997b0a0058dd18f54b8aaaac7d1ce2", size = 11281305, upload-time = "2026-06-18T18:25:30.026Z" },
    { url = "https://files.pythonhosted.org/packages/51/93/4769464c25cf7ab2acb3c7dda9cad3d867eb41c59565b3e2a9d17249c90c/ruff-0.15.18-py3-none-macosx_11_0_arm64.whl", hash = "sha256:08d4c86a68f2c3ec2c9d56380a71fb4a4f65373055cbb8caabd645e9102f38d4", size = 10641215, upload-time = "2026-06-18T18:25:15.802Z" },
    { url = "https://files.pythonhosted.org/packages/6c/42/56926d17120db2c208d76bf60a1a019644dd9e91dc27f0f95c9caddb1366/ruff-0.15.18-py3-none-manylinux_2_17_aarch64.manylinux2014_aarch64.whl", hash = "sha256:37e5108745c2c0705da916d7d4de533ddf547051ef45f62888c31bae73f66318", size = 10957224, upload-time = "2026-06-18T18:25:36.955Z" },
    { url = "https://files.pythonhosted.org/packages/22/4f/d43fab8d8189afde803103022d000a8ef9f230616d436d52a8b2b8d63b50/ruff-0.15.18-py3-none-manylinux_2_17_armv7l.manylinux2014_armv7l.whl", hash = "sha256:56949a6ce8b3abde54c0bcb22cebfe57e8771cadc84b407ae8b8eaf67ebdcd43", size = 10699024, upload-time = "2026-06-18T18:25:05.707Z" },
    { url = "https://files.pythonhosted.org/packages/63/42/1e3e4c68bd408b9768cf3e439acbe2c78245225faef253f7028a0cdb63e0/ruff-0.15.18-py3-none-manylinux_2_17_i686.manylinux2014_i686.whl", hash = "sha256:01a754cd6a1b630d3f97e33eb452cf7a98040482318e870f8bc52a5a30e62657", size = 11491458, upload-time = "2026-06-18T18:25:20.275Z" },
    { url = "https://files.pythonhosted.org/packages/20/77/47a3484bea8521e14a203d98c389c5c97846675e4f02734672da4a69b52a/ruff-0.15.18-py3-none-manylinux_2_17_ppc64le.manylinux2014_ppc64le.whl", hash = "sha256:6ba7a07e03a44dbf10bb086ee06705b173625014ec99f73a7e6836a5e5590a0c", size = 12383752, upload-time = "2026-06-18T18:25:22.535Z" },
    { url = "https://files.pythonhosted.org/packages/0a/ca/054159590787023d83b658a1a1819c4c8910114e7015069340b71c0961cb/ruff-0.15.18-py3-none-manylinux_2_17_s390x.manylinux2014_s390x.whl", hash = "sha256:5a2c40a41a4cadbcf5897b548ab29dfe248b20c540961c0247d98a3973c70403", size = 11577923, upload-time = "2026-06-18T18:25:10.702Z" },
    { url = "https://files.pythonhosted.org/packages/6d/ff/d353d6b7bbd73cc0ec37f4463d7540e45e894338abdd9964eee0de332708/ruff-0.15.18-py3-none-manylinux_2_17_x86_64.manylinux2014_x86_64.whl", hash = "sha256:5f0480ce690cbb6c4db6e5d08f19fce98e10ba131a8b60c1bcdac42771e3ae2d", size = 11583925, upload-time = "2026-06-18T18:25:32.391Z" },
    { url = "https://files.pythonhosted.org/packages/c1/4a/891f89b9c296ed3e5f3ece1a5629badc989d9a8fdaa30431aaf4774bc1c2/ruff-0.15.18-py3-none-manylinux_2_31_riscv64.whl", hash = "sha256:2330215f1f393fa8733f55edce04fcf94c36a2c460fcde31f78cc84e4951e9b1", size = 11582834, upload-time = "2026-06-18T18:25:27.309Z" },
    { url = "https://files.pythonhosted.org/packages/32/a3/ed9e370154bf85de360b93c03026157f02d4943b2d01ff4945f4429f8e8a/ruff-0.15.18-py3-none-musllinux_1_2_aarch64.whl", hash = "sha256:a6aa6a3d979e48ae617578183674bf264fbe7d0114a796a26bd678d67963c7ff", size = 10927328, upload-time = "2026-06-18T18:25:34.676Z" },
    { url = "https://files.pythonhosted.org/packages/f5/d1/5cf5909329fedb5d39d555ee818ba5cf4638e1a301b89785d34f2905bfcb/ruff-0.15.18-py3-none-musllinux_1_2_armv7l.whl", hash = "sha256:a81beadbbff2c9c245561ae3f77b16709d87f35eec650d0501679239d3449b22", size = 10693187, upload-time = "2026-06-18T18:25:08.245Z" },
    { url = "https://files.pythonhosted.org/packages/fd/44/ff6c635cf2c4f4e7b618b6640da057376baa36014695487d88aed4794268/ruff-0.15.18-py3-none-musllinux_1_2_i686.whl", hash = "sha256:2186d9e940ae332ab293623a75b5f4fe49565f449954d50a72a046683aa6b809", size = 11208721, upload-time = "2026-06-18T18:25:41.327Z" },
    { url = "https://files.pythonhosted.org/packages/88/d9/5baa2a30861adfb7022cf33c1e35b2fc18085b08c16f83eff4c7b99a5f48/ruff-0.15.18-py3-none-musllinux_1_2_x86_64.whl", hash = "sha256:5c2abf140438032bc77b2284a6c9944ecd8a19e5f1c7b52b1b8e4a0a80d19a7a", size = 11678599, upload-time = "2026-06-18T18:25:13.607Z" },
    { url = "https://files.pythonhosted.org/packages/c3/1a/0725a7cfdc32ff769efb96ee782bec882e16448c5d9e3be947ec4c04ce27/ruff-0.15.18-py3-none-win32.whl", hash = "sha256:02299e6e9fa5b297a3f6d5d10d7bcd655c925b028bb8b9d4588214549c6b9ec4", size = 10901903, upload-time = "2026-06-18T18:25:24.755Z" },
    { url = "https://files.pythonhosted.org/packages/f3/51/805d9f6fb7970505c3504794a5ec350f605361b807fef4dcf214ebd35e72/ruff-0.15.18-py3-none-win_amd64.whl", hash = "sha256:dac80dc8d26b2257dbefabed62f5d255c3937b4ccb122da1fc634794fa3578b3", size = 12041189, upload-time = "2026-06-18T18:25:17.915Z" },
    { url = "https://files.pythonhosted.org/packages/29/4c/67bb45e41609eb4726f1bfeb59e083cf91d14c696d4bd14c234a980be93d/ruff-0.15.18-py3-none-win_arm64.whl", hash = "sha256:b2c9257fcbd4a3e5b977a1904e6facca016bafe2edc17df24db67cfaee03b4e4", size = 11329958, upload-time = "2026-06-18T18:25:43.686Z" },
]

[[package]]
name = "setuptools"
version = "82.0.1"
source = { registry = "https://pypi.org/simple" }
sdist = { url = "https://files.pythonhosted.org/packages/4f/db/cfac1baf10650ab4d1c111714410d2fbb77ac5a616db26775db562c8fab2/setuptools-82.0.1.tar.gz", hash = "sha256:7d872682c5d01cfde07da7bccc7b65469d3dca203318515ada1de5eda35efbf9", size = 1152316, upload-time = "2026-03-09T12:47:17.221Z" }
wheels = [
    { url = "https://files.pythonhosted.org/packages/9d/76/f789f7a86709c6b087c5a2f52f911838cad707cc613162401badc665acfe/setuptools-82.0.1-py3-none-any.whl", hash = "sha256:a59e362652f08dcd477c78bb6e7bd9d80a7995bc73ce773050228a348ce2e5bb", size = 1006223, upload-time = "2026-03-09T12:47:15.026Z" },
]

[[package]]
name = "tree-sitter"
version = "0.25.2"
source = { registry = "https://pypi.org/simple" }
sdist = { url = "https://files.pythonhosted.org/packages/66/7c/0350cfc47faadc0d3cf7d8237a4e34032b3014ddf4a12ded9933e1648b55/tree-sitter-0.25.2.tar.gz", hash = "sha256:fe43c158555da46723b28b52e058ad444195afd1db3ca7720c59a254544e9c20", size = 177961, upload-time = "2025-09-25T17:37:59.751Z" }
wheels = [
    { url = "https://files.pythonhosted.org/packages/e2/d4/f7ffb855cb039b7568aba4911fbe42e4c39c0e4398387c8e0d8251489992/tree_sitter-0.25.2-cp310-cp310-macosx_10_9_x86_64.whl", hash = "sha256:72a510931c3c25f134aac2daf4eb4feca99ffe37a35896d7150e50ac3eee06c7", size = 146749, upload-time = "2025-09-25T17:37:16.475Z" },
    { url = "https://files.pythonhosted.org/packages/9a/58/f8a107f9f89700c0ab2930f1315e63bdedccbb5fd1b10fcbc5ebadd54ac8/tree_sitter-0.25.2-cp310-cp310-macosx_11_0_arm64.whl", hash = "sha256:44488e0e78146f87baaa009736886516779253d6d6bac3ef636ede72bc6a8234", size = 137766, upload-time = "2025-09-25T17:37:18.138Z" },
    { url = "https://files.pythonhosted.org/packages/19/fb/357158d39f01699faea466e8fd5a849f5a30252c68414bddc20357a9ac79/tree_sitter-0.25.2-cp310-cp310-manylinux2014_aarch64.manylinux_2_17_aarch64.manylinux_2_28_aarch64.whl", hash = "sha256:c2f8e7d6b2f8489d4a9885e3adcaef4bc5ff0a275acd990f120e29c4ab3395c5", size = 599809, upload-time = "2025-09-25T17:37:19.169Z" },
    { url = "https://files.pythonhosted.org/packages/c5/a4/68ae301626f2393a62119481cb660eb93504a524fc741a6f1528a4568cf6/tree_sitter-0.25.2-cp310-cp310-manylinux2014_x86_64.manylinux_2_17_x86_64.manylinux_2_28_x86_64.whl", hash = "sha256:20b570690f87f1da424cd690e51cc56728d21d63f4abd4b326d382a30353acc7", size = 627676, upload-time = "2025-09-25T17:37:20.715Z" },
    { url = "https://files.pythonhosted.org/packages/69/fe/4c1bef37db5ca8b17ca0b3070f2dff509468a50b3af18f17665adcab42b9/tree_sitter-0.25.2-cp310-cp310-musllinux_1_2_x86_64.whl", hash = "sha256:a0ec41b895da717bc218a42a3a7a0bfcfe9a213d7afaa4255353901e0e21f696", size = 624281, upload-time = "2025-09-25T17:37:21.823Z" },
    { url = "https://files.pythonhosted.org/packages/d4/30/3283cb7fa251cae2a0bf8661658021a789810db3ab1b0569482d4a3671fd/tree_sitter-0.25.2-cp310-cp310-win_amd64.whl", hash = "sha256:7712335855b2307a21ae86efe949c76be36c6068d76df34faa27ce9ee40ff444", size = 127295, upload-time = "2025-09-25T17:37:22.977Z" },
    { url = "https://files.pythonhosted.org/packages/88/90/ceb05e6de281aebe82b68662890619580d4ffe09283ebd2ceabcf5df7b4a/tree_sitter-0.25.2-cp310-cp310-win_arm64.whl", hash = "sha256:a925364eb7fbb9cdce55a9868f7525a1905af512a559303bd54ef468fd88cb37", size = 113991, upload-time = "2025-09-25T17:37:23.854Z" },
    { url = "https://files.pythonhosted.org/packages/7c/22/88a1e00b906d26fa8a075dd19c6c3116997cb884bf1b3c023deb065a344d/tree_sitter-0.25.2-cp311-cp311-macosx_10_9_x86_64.whl", hash = "sha256:b8ca72d841215b6573ed0655b3a5cd1133f9b69a6fa561aecad40dca9029d75b", size = 146752, upload-time = "2025-09-25T17:37:24.775Z" },
    { url = "https://files.pythonhosted.org/packages/57/1c/22cc14f3910017b7a76d7358df5cd315a84fe0c7f6f7b443b49db2e2790d/tree_sitter-0.25.2-cp311-cp311-macosx_11_0_arm64.whl", hash = "sha256:cc0351cfe5022cec5a77645f647f92a936b38850346ed3f6d6babfbeeeca4d26", size = 137765, upload-time = "2025-09-25T17:37:26.103Z" },
    { url = "https://files.pythonhosted.org/packages/1c/0c/d0de46ded7d5b34631e0f630d9866dab22d3183195bf0f3b81de406d6622/tree_sitter-0.25.2-cp311-cp311-manylinux2014_aarch64.manylinux_2_17_aarch64.manylinux_2_28_aarch64.whl", hash = "sha256:1799609636c0193e16c38f366bda5af15b1ce476df79ddaae7dd274df9e44266", size = 604643, upload-time = "2025-09-25T17:37:27.398Z" },
    { url = "https://files.pythonhosted.org/packages/34/38/b735a58c1c2f60a168a678ca27b4c1a9df725d0bf2d1a8a1c571c033111e/tree_sitter-0.25.2-cp311-cp311-manylinux2014_x86_64.manylinux_2_17_x86_64.manylinux_2_28_x86_64.whl", hash = "sha256:3e65ae456ad0d210ee71a89ee112ac7e72e6c2e5aac1b95846ecc7afa68a194c", size = 632229, upload-time = "2025-09-25T17:37:28.463Z" },
    { url = "https://files.pythonhosted.org/packages/32/f6/cda1e1e6cbff5e28d8433578e2556d7ba0b0209d95a796128155b97e7693/tree_sitter-0.25.2-cp311-cp311-musllinux_1_2_x86_64.whl", hash = "sha256:49ee3c348caa459244ec437ccc7ff3831f35977d143f65311572b8ba0a5f265f", size = 629861, upload-time = "2025-09-25T17:37:29.593Z" },
    { url = "https://files.pythonhosted.org/packages/f9/19/427e5943b276a0dd74c2a1f1d7a7393443f13d1ee47dedb3f8127903c080/tree_sitter-0.25.2-cp311-cp311-win_amd64.whl", hash = "sha256:56ac6602c7d09c2c507c55e58dc7026b8988e0475bd0002f8a386cce5e8e8adc", size = 127304, upload-time = "2025-09-25T17:37:30.549Z" },
    { url = "https://files.pythonhosted.org/packages/eb/d9/eef856dc15f784d85d1397a17f3ee0f82df7778efce9e1961203abfe376a/tree_sitter-0.25.2-cp311-cp311-win_arm64.whl", hash = "sha256:b3d11a3a3ac89bb8a2543d75597f905a9926f9c806f40fcca8242922d1cc6ad5", size = 113990, upload-time = "2025-09-25T17:37:31.852Z" },
    { url = "https://files.pythonhosted.org/packages/3c/9e/20c2a00a862f1c2897a436b17edb774e831b22218083b459d0d081c9db33/tree_sitter-0.25.2-cp312-cp312-macosx_10_13_x86_64.whl", hash = "sha256:ddabfff809ffc983fc9963455ba1cecc90295803e06e140a4c83e94c1fa3d960", size = 146941, upload-time = "2025-09-25T17:37:34.813Z" },
    { url = "https://files.pythonhosted.org/packages/ef/04/8512e2062e652a1016e840ce36ba1cc33258b0dcc4e500d8089b4054afec/tree_sitter-0.25.2-cp312-cp312-macosx_11_0_arm64.whl", hash = "sha256:c0c0ab5f94938a23fe81928a21cc0fac44143133ccc4eb7eeb1b92f84748331c", size = 137699, upload-time = "2025-09-25T17:37:36.349Z" },
    { url = "https://files.pythonhosted.org/packages/47/8a/d48c0414db19307b0fb3bb10d76a3a0cbe275bb293f145ee7fba2abd668e/tree_sitter-0.25.2-cp312-cp312-manylinux2014_aarch64.manylinux_2_17_aarch64.manylinux_2_28_aarch64.whl", hash = "sha256:dd12d80d91d4114ca097626eb82714618dcdfacd6a5e0955216c6485c350ef99", size = 607125, upload-time = "2025-09-25T17:37:37.725Z" },
    { url = "https://files.pythonhosted.org/packages/39/d1/b95f545e9fc5001b8a78636ef942a4e4e536580caa6a99e73dd0a02e87aa/tree_sitter-0.25.2-cp312-cp312-manylinux2014_x86_64.manylinux_2_17_x86_64.manylinux_2_28_x86_64.whl", hash = "sha256:b43a9e4c89d4d0839de27cd4d6902d33396de700e9ff4c5ab7631f277a85ead9", size = 635418, upload-time = "2025-09-25T17:37:38.922Z" },
    { url = "https://files.pythonhosted.org/packages/de/4d/b734bde3fb6f3513a010fa91f1f2875442cdc0382d6a949005cd84563d8f/tree_sitter-0.25.2-cp312-cp312-musllinux_1_2_x86_64.whl", hash = "sha256:fbb1706407c0e451c4f8cc016fec27d72d4b211fdd3173320b1ada7a6c74c3ac", size = 631250, upload-time = "2025-09-25T17:37:40.039Z" },
    { url = "https://files.pythonhosted.org/packages/46/f2/5f654994f36d10c64d50a192239599fcae46677491c8dd53e7579c35a3e3/tree_sitter-0.25.2-cp312-cp312-win_amd64.whl", hash = "sha256:6d0302550bbe4620a5dc7649517c4409d74ef18558276ce758419cf09e578897", size = 127156, upload-time = "2025-09-25T17:37:41.132Z" },
    { url = "https://files.pythonhosted.org/packages/67/23/148c468d410efcf0a9535272d81c258d840c27b34781d625f1f627e2e27d/tree_sitter-0.25.2-cp312-cp312-win_arm64.whl", hash = "sha256:0c8b6682cac77e37cfe5cf7ec388844957f48b7bd8d6321d0ca2d852994e10d5", size = 113984, upload-time = "2025-09-25T17:37:42.074Z" },
    { url = "https://files.pythonhosted.org/packages/8c/67/67492014ce32729b63d7ef318a19f9cfedd855d677de5773476caf771e96/tree_sitter-0.25.2-cp313-cp313-macosx_10_13_x86_64.whl", hash = "sha256:0628671f0de69bb279558ef6b640bcfc97864fe0026d840f872728a86cd6b6cd", size = 146926, upload-time = "2025-09-25T17:37:43.041Z" },
    { url = "https://files.pythonhosted.org/packages/4e/9c/a278b15e6b263e86c5e301c82a60923fa7c59d44f78d7a110a89a413e640/tree_sitter-0.25.2-cp313-cp313-macosx_11_0_arm64.whl", hash = "sha256:f5ddcd3e291a749b62521f71fc953f66f5fd9743973fd6dd962b092773569601", size = 137712, upload-time = "2025-09-25T17:37:44.039Z" },
    { url = "https://files.pythonhosted.org/packages/54/9a/423bba15d2bf6473ba67846ba5244b988cd97a4b1ea2b146822162256794/tree_sitter-0.25.2-cp313-cp313-manylinux2014_aarch64.manylinux_2_17_aarch64.manylinux_2_28_aarch64.whl", hash = "sha256:bd88fbb0f6c3a0f28f0a68d72df88e9755cf5215bae146f5a1bdc8362b772053", size = 607873, upload-time = "2025-09-25T17:37:45.477Z" },
    { url = "https://files.pythonhosted.org/packages/ed/4c/b430d2cb43f8badfb3a3fa9d6cd7c8247698187b5674008c9d67b2a90c8e/tree_sitter-0.25.2-cp313-cp313-manylinux2014_x86_64.manylinux_2_17_x86_64.manylinux_2_28_x86_64.whl", hash = "sha256:b878e296e63661c8e124177cc3084b041ba3f5936b43076d57c487822426f614", size = 636313, upload-time = "2025-09-25T17:37:46.68Z" },
    { url = "https://files.pythonhosted.org/packages/9d/27/5f97098dbba807331d666a0997662e82d066e84b17d92efab575d283822f/tree_sitter-0.25.2-cp313-cp313-musllinux_1_2_x86_64.whl", hash = "sha256:d77605e0d353ba3fe5627e5490f0fbfe44141bafa4478d88ef7954a61a848dae", size = 631370, upload-time = "2025-09-25T17:37:47.993Z" },
    { url = "https://files.pythonhosted.org/packages/d4/3c/87caaed663fabc35e18dc704cd0e9800a0ee2f22bd18b9cbe7c10799895d/tree_sitter-0.25.2-cp313-cp313-win_amd64.whl", hash = "sha256:463c032bd02052d934daa5f45d183e0521ceb783c2548501cf034b0beba92c9b", size = 127157, upload-time = "2025-09-25T17:37:48.967Z" },
    { url = "https://files.pythonhosted.org/packages/d5/23/f8467b408b7988aff4ea40946a4bd1a2c1a73d17156a9d039bbaff1e2ceb/tree_sitter-0.25.2-cp313-cp313-win_arm64.whl", hash = "sha256:b3f63a1796886249bd22c559a5944d64d05d43f2be72961624278eff0dcc5cb8", size = 113975, upload-time = "2025-09-25T17:37:49.922Z" },
    { url = "https://files.pythonhosted.org/packages/07/e3/d9526ba71dfbbe4eba5e51d89432b4b333a49a1e70712aa5590cd22fc74f/tree_sitter-0.25.2-cp314-cp314-macosx_10_13_x86_64.whl", hash = "sha256:65d3c931013ea798b502782acab986bbf47ba2c452610ab0776cf4a8ef150fc0", size = 146776, upload-time = "2025-09-25T17:37:50.898Z" },
    { url = "https://files.pythonhosted.org/packages/42/97/4bd4ad97f85a23011dd8a535534bb1035c4e0bac1234d58f438e15cff51f/tree_sitter-0.25.2-cp314-cp314-macosx_11_0_arm64.whl", hash = "sha256:bda059af9d621918efb813b22fb06b3fe00c3e94079c6143fcb2c565eb44cb87", size = 137732, upload-time = "2025-09-25T17:37:51.877Z" },
    { url = "https://files.pythonhosted.org/packages/b6/19/1e968aa0b1b567988ed522f836498a6a9529a74aab15f09dd9ac1e41f505/tree_sitter-0.25.2-cp314-cp314-manylinux2014_aarch64.manylinux_2_17_aarch64.manylinux_2_28_aarch64.whl", hash = "sha256:eac4e8e4c7060c75f395feec46421eb61212cb73998dbe004b7384724f3682ab", size = 609456, upload-time = "2025-09-25T17:37:52.925Z" },
    { url = "https://files.pythonhosted.org/packages/48/b6/cf08f4f20f4c9094006ef8828555484e842fc468827ad6e56011ab668dbd/tree_sitter-0.25.2-cp314-cp314-manylinux2014_x86_64.manylinux_2_17_x86_64.manylinux_2_28_x86_64.whl", hash = "sha256:260586381b23be33b6191a07cea3d44ecbd6c01aa4c6b027a0439145fcbc3358", size = 636772, upload-time = "2025-09-25T17:37:54.647Z" },
    { url = "https://files.pythonhosted.org/packages/57/e2/d42d55bf56360987c32bc7b16adb06744e425670b823fb8a5786a1cea991/tree_sitter-0.25.2-cp314-cp314-musllinux_1_2_x86_64.whl", hash = "sha256:7d2ee1acbacebe50ba0f85fff1bc05e65d877958f00880f49f9b2af38dce1af0", size = 631522, upload-time = "2025-09-25T17:37:55.833Z" },
    { url = "https://files.pythonhosted.org/packages/03/87/af9604ebe275a9345d88c3ace0cf2a1341aa3f8ef49dd9fc11662132df8a/tree_sitter-0.25.2-cp314-cp314-win_amd64.whl", hash = "sha256:4973b718fcadfb04e59e746abfbb0288694159c6aeecd2add59320c03368c721", size = 130864, upload-time = "2025-09-25T17:37:57.453Z" },
    { url = "https://files.pythonhosted.org/packages/a6/6e/e64621037357acb83d912276ffd30a859ef117f9c680f2e3cb955f47c680/tree_sitter-0.25.2-cp314-cp314-win_arm64.whl", hash = "sha256:b8d4429954a3beb3e844e2872610d2a4800ba4eb42bb1990c6a4b1949b18459f", size = 117470, upload-time = "2025-09-25T17:37:58.431Z" },
]

[[package]]
name = "tree-sitter-svg"
version = "0.1.0"
source = { editable = "." }

[package.optional-dependencies]
core = [
    { name = "tree-sitter" },
]

[package.dev-dependencies]
dev = [
    { name = "basedpyright" },
    { name = "ruff" },
    { name = "setuptools" },
    { name = "tree-sitter" },
    { name = "ty" },
    { name = "wheel" },
]

[package.metadata]
requires-dist = [{ name = "tree-sitter", marker = "extra == 'core'", specifier = "~=0.25" }]
provides-extras = ["core"]

[package.metadata.requires-dev]
dev = [
    { name = "basedpyright" },
    { name = "ruff" },
    { name = "setuptools", specifier = ">=77.0.0" },
    { name = "tree-sitter", specifier = "~=0.25" },
    { name = "ty" },
    { name = "wheel" },
]

[[package]]
name = "ty"
version = "0.0.51"
source = { registry = "https://pypi.org/simple" }
sdist = { url = "https://files.pythonhosted.org/packages/7e/ce/352fcdba5c72ea20e5d2e46e28809cdb617575b71209d971eff2ace8e6c4/ty-0.0.51.tar.gz", hash = "sha256:b90172d46365bb9d51a7011cbb5c60cc4f514f42c86635df6c092b717f85e1ac", size = 5953151, upload-time = "2026-06-19T01:48:58.015Z" }
wheels = [
    { url = "https://files.pythonhosted.org/packages/2b/8f/8fe7cab79a45320b2cdcd602f16d44c8108d2f418ff7ec316c6212f1f0cc/ty-0.0.51-py3-none-linux_armv6l.whl", hash = "sha256:947986bd82d324b3a5c58ce03f1dad160cdf36443d3e8f64b3484b861ba9bc64", size = 11884805, upload-time = "2026-06-19T01:48:20.184Z" },
    { url = "https://files.pythonhosted.org/packages/fa/b4/56fdc39a3f44c0564fd157e1e59e1f9c3fc5ba57ae4472ded85c67c63d74/ty-0.0.51-py3-none-macosx_10_12_x86_64.whl", hash = "sha256:25a5b31e6f23fd5dc63ad29087ded09932409e4154e2fe07bbaed015035990bb", size = 11633593, upload-time = "2026-06-19T01:48:22.998Z" },
    { url = "https://files.pythonhosted.org/packages/33/57/136e83f24fc04f5afdcabff42f40fa27eae5ac3f0e3f12627d072a55f679/ty-0.0.51-py3-none-macosx_11_0_arm64.whl", hash = "sha256:2faed19a8f1505370de071c008df52a994fc03a204f3267c3a33a32ca26f854f", size = 11063076, upload-time = "2026-06-19T01:48:25.223Z" },
    { url = "https://files.pythonhosted.org/packages/32/f8/5d32f0df5692446440ab781b9b119aa3e0c0dbfa78c583fe9be8417d54fa/ty-0.0.51-py3-none-manylinux_2_17_aarch64.manylinux2014_aarch64.whl", hash = "sha256:08adbe53fb8bc9e7f00e89bf1d3c875a02cda76d83f109d2e6ab1ff35a7bfa8c", size = 11579542, upload-time = "2026-06-19T01:48:27.302Z" },
    { url = "https://files.pythonhosted.org/packages/7f/0c/4f54ef338e9623886809ecd508931b0cd5b3aba1e591586a2f6aeaa8bd11/ty-0.0.51-py3-none-manylinux_2_17_armv7l.manylinux2014_armv7l.whl", hash = "sha256:dc5e93695ab5dcbf1eef663aee60ec23a413547cc9cb06adcb0d842e9166bd0f", size = 11676189, upload-time = "2026-06-19T01:48:29.518Z" },
    { url = "https://files.pythonhosted.org/packages/56/27/31729066f9b9d3596941edaf267894eefc0b30df4518f003dba5f7276258/ty-0.0.51-py3-none-manylinux_2_17_i686.manylinux2014_i686.whl", hash = "sha256:abd92913bc90d1705ef9391ff8c6822b61e2e827fa295eb30bf0dfabcf815645", size = 12188154, upload-time = "2026-06-19T01:48:31.68Z" },
    { url = "https://files.pythonhosted.org/packages/2f/38/d4301aa12d2283c7130908baf1417a37dfe3e10f5669cb4ce2853c2540b4/ty-0.0.51-py3-none-manylinux_2_17_ppc64le.manylinux2014_ppc64le.whl", hash = "sha256:429a997394dac73870d71b87cc90efc54da3efaf319e72ca18aeef35a78aef90", size = 12780597, upload-time = "2026-06-19T01:48:33.839Z" },
    { url = "https://files.pythonhosted.org/packages/c1/52/4b2e67e53f126d39abe201bd2299e467e27463a284e965ad195cbc217fa0/ty-0.0.51-py3-none-manylinux_2_17_s390x.manylinux2014_s390x.whl", hash = "sha256:62d94f06e8c317e89b6884f2bde443040e596b88c7c79bd944c84c105b06257a", size = 12491115, upload-time = "2026-06-19T01:48:36.169Z" },
    { url = "https://files.pythonhosted.org/packages/74/50/aabfe55c132ebe72b4d639cbf772d931e11b0990d29c1f691922b6ccabc1/ty-0.0.51-py3-none-manylinux_2_17_x86_64.manylinux2014_x86_64.whl", hash = "sha256:f8f52952cff665bc52a36147e610c10f5699d30007d7a14ab7f345cff93476ff", size = 12230135, upload-time = "2026-06-19T01:48:38.445Z" },
    { url = "https://files.pythonhosted.org/packages/0d/1b/9aa428052dbed91c50919cd080426a313cf20ce14c6bfe2b71345e548671/ty-0.0.51-py3-none-manylinux_2_31_riscv64.whl", hash = "sha256:c1bd1355aee86af01e4e21b0bc16fc460fb05905761f0d8b8d70841de0feade8", size = 12468123, upload-time = "2026-06-19T01:48:40.47Z" },
    { url = "https://files.pythonhosted.org/packages/0b/5a/f6ce69f2575259386c950c40e02578d0902760cb61f95045e9971182c24e/ty-0.0.51-py3-none-musllinux_1_2_aarch64.whl", hash = "sha256:79d1877e93460f936bc10ed1a31525702b7ce51075763ccba993be17f0b9e905", size = 11541672, upload-time = "2026-06-19T01:48:42.635Z" },
    { url = "https://files.pythonhosted.org/packages/35/3a/2af48924a683e959e95e5cc4dc88e5a8595206a0812b869032b95196f2b0/ty-0.0.51-py3-none-musllinux_1_2_armv7l.whl", hash = "sha256:cc233a6235fb23e2a44b14731a10043e37ba2f30f2c361cf49ad3633c5b9da9c", size = 11694015, upload-time = "2026-06-19T01:48:44.819Z" },
    { url = "https://files.pythonhosted.org/packages/a4/12/899875d8a60b198c8121cb92ce18e18cc072d23ca2130fcdaa176383ef72/ty-0.0.51-py3-none-musllinux_1_2_i686.whl", hash = "sha256:bc7459348a253247bbfb2669a021e614281b86bbea24c36112b8a6e1a2499a16", size = 11832856, upload-time = "2026-06-19T01:48:47.028Z" },
    { url = "https://files.pythonhosted.org/packages/e6/a2/88f681d826d97cc96ef9f6cadd4935f775758944cee07340aa46113bce28/ty-0.0.51-py3-none-musllinux_1_2_x86_64.whl", hash = "sha256:49a21237f6fd1de56beaff0a3e85fe022a09a3401e67e3abec41ce838a5d4d2e", size = 12333449, upload-time = "2026-06-19T01:48:49.091Z" },
    { url = "https://files.pythonhosted.org/packages/f8/61/535a4163b4452c6978c31fedfd7b5803cf3a2253e9455cde350f86638d6a/ty-0.0.51-py3-none-win32.whl", hash = "sha256:61b4b6a003c3ebe53a63a1125c9b6542aa01bc1b6c9a235d01ee328d000d61a9", size = 11177338, upload-time = "2026-06-19T01:48:51.433Z" },
    { url = "https://files.pythonhosted.org/packages/aa/4d/2334fbb74291a20129fa7aaa8f789619ec9b6883b27f997b8baa27e4674f/ty-0.0.51-py3-none-win_amd64.whl", hash = "sha256:608d417cd1eaf79bcbd713d9830d5e3db9d57ec225c3af3e4ac9a9ff66b45d70", size = 12325675, upload-time = "2026-06-19T01:48:53.774Z" },
    { url = "https://files.pythonhosted.org/packages/50/b5/d49096cd5f3694becb86a5a6ccd0f229ead695fc7430d6bc4dd0a104c6fe/ty-0.0.51-py3-none-win_arm64.whl", hash = "sha256:62ced5e380284f12b2dc4802a3e4ed3dac39913fc6719afde7978814a4c7f169", size = 11657350, upload-time = "2026-06-19T01:48:55.904Z" },
]

[[package]]
name = "wheel"
version = "0.47.0"
source = { registry = "https://pypi.org/simple" }
dependencies = [
    { name = "packaging" },
]
sdist = { url = "https://files.pythonhosted.org/packages/39/62/75f18a0f03b4219c456652c7780e4d749b929eb605c098ce3a5b6b6bc081/wheel-0.47.0.tar.gz", hash = "sha256:cc72bd1009ba0cf63922e28f94d9d83b920aa2bb28f798a31d0691b02fa3c9b3", size = 63854, upload-time = "2026-04-22T15:51:27.727Z" }
wheels = [
    { url = "https://files.pythonhosted.org/packages/87/1b/9e33c09813d65e248f7f773119148a612516a4bea93e9c6f545f78455b7c/wheel-0.47.0-py3-none-any.whl", hash = "sha256:212281cab4dff978f6cedd499cd893e1f620791ca6ff7107cf270781e587eced", size = 32218, upload-time = "2026-04-22T15:51:26.296Z" },
]
